# This file is @generated by PDM.
# It is not intended for manual editing.

[metadata]
groups = ["default", "dev"]
strategy = []
lock_version = "4.5.0"
content_hash = "sha256:dffe0f63f78d83ebfa6f855e92b6a87a3e7cb49ee7aa42a49d70f4bfc3e1773e"

[[metadata.targets]]
requires_python = ">=2.7"

[[package]]
name = "anyio"
version = "4.12.1"
summary = ""
dependencies = [
    "exceptiongroup; python_full_version == \"3.10.*\"",
    "idna; python_full_version >= \"3.10\"",
    "typing-extensions; python_full_version >= \"3.10\" and python_full_version < \"3.13\"",
]
files = [
    {file = "anyio-4.12.1-py3-none-any.whl", hash = "sha256:d405828884fc140aa80a3c667b8beed277f1dfedec42ba031bd6ac3db606ab6c"},
    {file = "anyio-4.12.1.tar.gz", hash = "sha256:41cfcc3a4c85d3f05c932da7c26d0201ac36f72abd4435ba90d0464a3ffed703"},
]

[[package]]
name = "async-timeout"
version = "5.0.1"
summary = ""
files = [
    {file = "async_timeout-5.0.1-py3-none-any.whl", hash = "sha256:39e3809566ff85354557ec2398b55e096c8364bacac9405a7a1fa429e77fe76c"},
    {file = "async_timeout-5.0.1.tar.gz", hash = "sha256:d9321a7a3d5a6a5e187e824d2fa0793ce379a202935782d555d6e9d2735677d3"},
]

[[package]]
name = "asynctor"
version = "0.12.2"
summary = ""
dependencies = [
    "anyio; python_full_version >= \"3.10\"",
]
files = [
    {file = "asynctor-0.12.2-py3-none-any.whl", hash = "sha256:93fa94f38605524af407b24fd50d3d8992929e0605fcda3284a674f31201e327"},
    {file = "asynctor-0.12.2.tar.gz", hash = "sha256:0c5ef4dd82e9edc90e55a1bd324524a7b120cabc3b56a69552d80d969fe40675"},
]

[[package]]
name = "asynctor"
version = "0.12.2"
extras = ["redis"]
summary = ""
dependencies = [
    "asynctor==0.12.2",
    "redis; python_full_version >= \"3.10\"",
]
files = [
    {file = "asynctor-0.12.2-py3-none-any.whl", hash = "sha256:93fa94f38605524af407b24fd50d3d8992929e0605fcda3284a674f31201e327"},
    {file = "asynctor-0.12.2.tar.gz", hash = "sha256:0c5ef4dd82e9edc90e55a1bd324524a7b120cabc3b56a69552d80d969fe40675"},
]

[[package]]
name = "colorama"
version = "0.4.6"
summary = ""
files = [
    {file = "colorama-0.4.6-py2.py3-none-any.whl", hash = "sha256:4f1d9991f5acc0ca119f9d443620b77f9d6b33703e51011c16baf57afb285fc6"},
    {file = "colorama-0.4.6.tar.gz", hash = "sha256:08695f5cb7ed6e0531a20572697297273c47b8cae5a63ffc6d6ed5c201be6e44"},
]

[[package]]
name = "coverage"
version = "7.13.2"
summary = ""
files = [
    {file = "coverage-7.13.2-cp310-cp310-macosx_10_9_x86_64.whl", hash = "sha256:f4af3b01763909f477ea17c962e2cca8f39b350a4e46e3a30838b2c12e31b81b"},
    {file = "coverage-7.13.2-cp310-cp310-macosx_11_0_arm64.whl", hash = "sha256:36393bd2841fa0b59498f75466ee9bdec4f770d3254f031f23e8fd8e140ffdd2"},
    {file = "coverage-7.13.2-cp310-cp310-manylinux1_i686.manylinux_2_28_i686.manylinux_2_5_i686.whl", hash = "sha256:9cc7573518b7e2186bd229b1a0fe24a807273798832c27032c4510f47ffdb896"},
    {file = "coverage-7.13.2-cp310-cp310-manylinux1_x86_64.manylinux_2_28_x86_64.manylinux_2_5_x86_64.whl", hash = "sha256:ca9566769b69a5e216a4e176d54b9df88f29d750c5b78dbb899e379b4e14b30c"},
    {file = "coverage-7.13.2-cp310-cp310-manylinux2014_aarch64.manylinux_2_17_aarch64.manylinux_2_28_aarch64.whl", hash = "sha256:9c9bdea644e94fd66d75a6f7e9a97bb822371e1fe7eadae2cacd50fcbc28e4dc"},
    {file = "coverage-7.13.2-cp310-cp310-manylinux_2_31_riscv64.manylinux_2_39_riscv64.whl", hash = "sha256:5bd447332ec4f45838c1ad42268ce21ca87c40deb86eabd59888859b66be22a5"},
    {file = "coverage-7.13.2-cp310-cp310-musllinux_1_2_aarch64.whl", hash = "sha256:7c79ad5c28a16a1277e1187cf83ea8dafdcc689a784228a7d390f19776db7c31"},
    {file = "coverage-7.13.2-cp310-cp310-musllinux_1_2_i686.whl", hash = "sha256:76e06ccacd1fb6ada5d076ed98a8c6f66e2e6acd3df02819e2ee29fd637b76ad"},
    {file = "coverage-7.13.2-cp310-cp310-musllinux_1_2_riscv64.whl", hash = "sha256:49d49e9a5e9f4dc3d3dac95278a020afa6d6bdd41f63608a76fa05a719d5b66f"},
    {file = "coverage-7.13.2-cp310-cp310-musllinux_1_2_x86_64.whl", hash = "sha256:ed2bce0e7bfa53f7b0b01c722da289ef6ad4c18ebd52b1f93704c21f116360c8"},
    {file = "coverage-7.13.2-cp310-cp310-win32.whl", hash = "sha256:1574983178b35b9af4db4a9f7328a18a14a0a0ce76ffaa1c1bacb4cc82089a7c"},
    {file = "coverage-7.13.2-cp310-cp310-win_amd64.whl", hash = "sha256:a360a8baeb038928ceb996f5623a4cd508728f8f13e08d4e96ce161702f3dd99"},
    {file = "coverage-7.13.2-cp311-cp311-macosx_10_9_x86_64.whl", hash = "sha256:060ebf6f2c51aff5ba38e1f43a2095e087389b1c69d559fde6049a4b0001320e"},
    {file = "coverage-7.13.2-cp311-cp311-macosx_11_0_arm64.whl", hash = "sha256:c1ea8ca9db5e7469cd364552985e15911548ea5b69c48a17291f0cac70484b2e"},
    {file = "coverage-7.13.2-cp311-cp311-manylinux1_i686.manylinux_2_28_i686.manylinux_2_5_i686.whl", hash = "sha256:b780090d15fd58f07cf2011943e25a5f0c1c894384b13a216b6c86c8a8a7c508"},
    {file = "coverage-7.13.2-cp311-cp311-manylinux1_x86_64.manylinux_2_28_x86_64.manylinux_2_5_x86_64.whl", hash = "sha256:88a800258d83acb803c38175b4495d293656d5fac48659c953c18e5f539a274b"},
    {file = "coverage-7.13.2-cp311-cp311-manylinux2014_aarch64.manylinux_2_17_aarch64.manylinux_2_28_aarch64.whl", hash = "sha256:6326e18e9a553e674d948536a04a80d850a5eeefe2aae2e6d7cf05d54046c01b"},
    {file = "coverage-7.13.2-cp311-cp311-manylinux_2_31_riscv64.manylinux_2_39_riscv64.whl", hash = "sha256:59562de3f797979e1ff07c587e2ac36ba60ca59d16c211eceaa579c266c5022f"},
    {file = "coverage-7.13.2-cp311-cp311-musllinux_1_2_aarch64.whl", hash = "sha256:27ba1ed6f66b0e2d61bfa78874dffd4f8c3a12f8e2b5410e515ab345ba7bc9c3"},
    {file = "coverage-7.13.2-cp311-cp311-musllinux_1_2_i686.whl", hash = "sha256:8be48da4d47cc68754ce643ea50b3234557cbefe47c2f120495e7bd0a2756f2b"},
    {file = "coverage-7.13.2-cp311-cp311-musllinux_1_2_riscv64.whl", hash = "sha256:2a47a4223d3361b91176aedd9d4e05844ca67d7188456227b6bf5e436630c9a1"},
    {file = "coverage-7.13.2-cp311-cp311-musllinux_1_2_x86_64.whl", hash = "sha256:c6f141b468740197d6bd38f2b26ade124363228cc3f9858bd9924ab059e00059"},
    {file = "coverage-7.13.2-cp311-cp311-win32.whl", hash = "sha256:89567798404af067604246e01a49ef907d112edf2b75ef814b1364d5ce267031"},
    {file = "coverage-7.13.2-cp311-cp311-win_amd64.whl", hash = "sha256:21dd57941804ae2ac7e921771a5e21bbf9aabec317a041d164853ad0a96ce31e"},
    {file = "coverage-7.13.2-cp311-cp311-win_arm64.whl", hash = "sha256:10758e0586c134a0bafa28f2d37dd2cdb5e4a90de25c0fc0c77dabbad46eca28"},
    {file = "coverage-7.13.2-cp312-cp312-macosx_10_13_x86_64.whl", hash = "sha256:f106b2af193f965d0d3234f3f83fc35278c7fb935dfbde56ae2da3dd2c03b84d"},
    {file = "coverage-7.13.2-cp312-cp312-macosx_11_0_arm64.whl", hash = "sha256:78f45d21dc4d5d6bd29323f0320089ef7eae16e4bef712dff79d184fa7330af3"},
    {file = "coverage-7.13.2-cp312-cp312-manylinux1_i686.manylinux_2_28_i686.manylinux_2_5_i686.whl", hash = "sha256:fae91dfecd816444c74531a9c3d6ded17a504767e97aa674d44f638107265b99"},
    {file = "coverage-7.13.2-cp312-cp312-manylinux1_x86_64.manylinux_2_28_x86_64.manylinux_2_5_x86_64.whl", hash = "sha256:264657171406c114787b441484de620e03d8f7202f113d62fcd3d9688baa3e6f"},
    {file = "coverage-7.13.2-cp312-cp312-manylinux2014_aarch64.manylinux_2_17_aarch64.manylinux_2_28_aarch64.whl", hash = "sha256:ae47d8dcd3ded0155afbb59c62bd8ab07ea0fd4902e1c40567439e6db9dcaf2f"},
    {file = "coverage-7.13.2-cp312-cp312-manylinux_2_31_riscv64.manylinux_2_39_riscv64.whl", hash = "sha256:8a0b33e9fd838220b007ce8f299114d406c1e8edb21336af4c97a26ecfd185aa"},
    {file = "coverage-7.13.2-cp312-cp312-musllinux_1_2_aarch64.whl", hash = "sha256:b3becbea7f3ce9a2d4d430f223ec15888e4deb31395840a79e916368d6004cce"},
    {file = "coverage-7.13.2-cp312-cp312-musllinux_1_2_i686.whl", hash = "sha256:f819c727a6e6eeb8711e4ce63d78c620f69630a2e9d53bc95ca5379f57b6ba94"},
    {file = "coverage-7.13.2-cp312-cp312-musllinux_1_2_riscv64.whl", hash = "sha256:4f7b71757a3ab19f7ba286e04c181004c1d61be921795ee8ba6970fd0ec91da5"},
    {file = "coverage-7.13.2-cp312-cp312-musllinux_1_2_x86_64.whl", hash = "sha256:b7fc50d2afd2e6b4f6f2f403b70103d280a8e0cb35320cbbe6debcda02a1030b"},
    {file = "coverage-7.13.2-cp312-cp312-win32.whl", hash = "sha256:292250282cf9bcf206b543d7608bda17ca6fc151f4cbae949fc7e115112fbd41"},
    {file = "coverage-7.13.2-cp312-cp312-win_amd64.whl", hash = "sha256:eeea10169fac01549a7921d27a3e517194ae254b542102267bef7a93ed38c40e"},
    {file = "coverage-7.13.2-cp312-cp312-win_arm64.whl", hash = "sha256:2a5b567f0b635b592c917f96b9a9cb3dbd4c320d03f4bf94e9084e494f2e8894"},
    {file = "coverage-7.13.2-cp313-cp313-macosx_10_13_x86_64.whl", hash = "sha256:ed75de7d1217cf3b99365d110975f83af0528c849ef5180a12fd91b5064df9d6"},
    {file = "coverage-7.13.2-cp313-cp313-macosx_11_0_arm64.whl", hash = "sha256:97e596de8fa9bada4d88fde64a3f4d37f1b6131e4faa32bad7808abc79887ddc"},
    {file = "coverage-7.13.2-cp313-cp313-manylinux1_i686.manylinux_2_28_i686.manylinux_2_5_i686.whl", hash = "sha256:68c86173562ed4413345410c9480a8d64864ac5e54a5cda236748031e094229f"},
    {file = "coverage-7.13.2-cp313-cp313-manylinux1_x86_64.manylinux_2_28_x86_64.manylinux_2_5_x86_64.whl", hash = "sha256:7be4d613638d678b2b3773b8f687537b284d7074695a43fe2fbbfc0e31ceaed1"},
    {file = "coverage-7.13.2-cp313-cp313-manylinux2014_aarch64.manylinux_2_17_aarch64.manylinux_2_28_aarch64.whl", hash = "sha256:d7f63ce526a96acd0e16c4af8b50b64334239550402fb1607ce6a584a6d62ce9"},
    {file = "coverage-7.13.2-cp313-cp313-manylinux_2_31_riscv64.manylinux_2_39_riscv64.whl", hash = "sha256:406821f37f864f968e29ac14c3fccae0fec9fdeba48327f0341decf4daf92d7c"},
    {file = "coverage-7.13.2-cp313-cp313-musllinux_1_2_aarch64.whl", hash = "sha256:ee68e5a4e3e5443623406b905db447dceddffee0dceb39f4e0cd9ec2a35004b5"},
    {file = "coverage-7.13.2-cp313-cp313-musllinux_1_2_i686.whl", hash = "sha256:2ee0e58cca0c17dd9c6c1cdde02bb705c7b3fbfa5f3b0b5afeda20d4ebff8ef4"},
    {file = "coverage-7.13.2-cp313-cp313-musllinux_1_2_riscv64.whl", hash = "sha256:6e5bbb5018bf76a56aabdb64246b5288d5ae1b7d0dd4d0534fe86df2c2992d1c"},
    {file = "coverage-7.13.2-cp313-cp313-musllinux_1_2_x86_64.whl", hash = "sha256:a55516c68ef3e08e134e818d5e308ffa6b1337cc8b092b69b24287bf07d38e31"},
    {file = "coverage-7.13.2-cp313-cp313-win32.whl", hash = "sha256:5b20211c47a8abf4abc3319d8ce2464864fa9f30c5fcaf958a3eed92f4f1fef8"},
    {file = "coverage-7.13.2-cp313-cp313-win_amd64.whl", hash = "sha256:14f500232e521201cf031549fb1ebdfc0a40f401cf519157f76c397e586c3beb"},
    {file = "coverage-7.13.2-cp313-cp313-win_arm64.whl", hash = "sha256:9779310cb5a9778a60c899f075a8514c89fa6d10131445c2207fc893e0b14557"},
    {file = "coverage-7.13.2-cp313-cp313t-macosx_10_13_x86_64.whl", hash = "sha256:e64fa5a1e41ce5df6b547cbc3d3699381c9e2c2c369c67837e716ed0f549d48e"},
    {file = "coverage-7.13.2-cp313-cp313t-macosx_11_0_arm64.whl", hash = "sha256:b01899e82a04085b6561eb233fd688474f57455e8ad35cd82286463ba06332b7"},
    {file = "coverage-7.13.2-cp313-cp313t-manylinux1_i686.manylinux_2_28_i686.manylinux_2_5_i686.whl", hash = "sha256:838943bea48be0e2768b0cf7819544cdedc1bbb2f28427eabb6eb8c9eb2285d3"},
    {file = "coverage-7.13.2-cp313-cp313t-manylinux1_x86_64.manylinux_2_28_x86_64.manylinux_2_5_x86_64.whl", hash = "sha256:93d1d25ec2b27e90bcfef7012992d1f5121b51161b8bffcda756a816cf13c2c3"},
    {file = "coverage-7.13.2-cp313-cp313t-manylinux2014_aarch64.manylinux_2_17_aarch64.manylinux_2_28_aarch64.whl", hash = "sha256:93b57142f9621b0d12349c43fc7741fe578e4bc914c1e5a54142856cfc0bf421"},
    {file = "coverage-7.13.2-cp313-cp313t-manylinux_2_31_riscv64.manylinux_2_39_riscv64.whl", hash = "sha256:f06799ae1bdfff7ccb8665d75f8291c69110ba9585253de254688aa8a1ccc6c5"},
    {file = "coverage-7.13.2-cp313-cp313t-musllinux_1_2_aarch64.whl", hash = "sha256:7f9405ab4f81d490811b1d91c7a20361135a2df4c170e7f0b747a794da5b7f23"},
    {file = "coverage-7.13.2-cp313-cp313t-musllinux_1_2_i686.whl", hash = "sha256:f9ab1d5b86f8fbc97a5b3cd6280a3fd85fef3b028689d8a2c00918f0d82c728c"},
    {file = "coverage-7.13.2-cp313-cp313t-musllinux_1_2_riscv64.whl", hash = "sha256:f674f59712d67e841525b99e5e2b595250e39b529c3bda14764e4f625a3fa01f"},
    {file = "coverage-7.13.2-cp313-cp313t-musllinux_1_2_x86_64.whl", hash = "sha256:c6cadac7b8ace1ba9144feb1ae3cb787a6065ba6d23ffc59a934b16406c26573"},
    {file = "coverage-7.13.2-cp313-cp313t-win32.whl", hash = "sha256:14ae4146465f8e6e6253eba0cccd57423e598a4cb925958b240c805300918343"},
    {file = "coverage-7.13.2-cp313-cp313t-win_amd64.whl", hash = "sha256:9074896edd705a05769e3de0eac0a8388484b503b68863dd06d5e473f874fd47"},
    {file = "coverage-7.13.2-cp313-cp313t-win_arm64.whl", hash = "sha256:69e526e14f3f854eda573d3cf40cffd29a1a91c684743d904c33dbdcd0e0f3e7"},
    {file = "coverage-7.13.2-cp314-cp314-macosx_10_15_x86_64.whl", hash = "sha256:387a825f43d680e7310e6f325b2167dd093bc8ffd933b83e9aa0983cf6e0a2ef"},
    {file = "coverage-7.13.2-cp314-cp314-macosx_11_0_arm64.whl", hash = "sha256:f0d7fea9d8e5d778cd5a9e8fc38308ad688f02040e883cdc13311ef2748cb40f"},
    {file = "coverage-7.13.2-cp314-cp314-manylinux1_i686.manylinux_2_28_i686.manylinux_2_5_i686.whl", hash = "sha256:e080afb413be106c95c4ee96b4fffdc9e2fa56a8bbf90b5c0918e5c4449412f5"},
    {file = "coverage-7.13.2-cp314-cp314-manylinux1_x86_64.manylinux_2_28_x86_64.manylinux_2_5_x86_64.whl", hash = "sha256:a7fc042ba3c7ce25b8a9f097eb0f32a5ce1ccdb639d9eec114e26def98e1f8a4"},
    {file = "coverage-7.13.2-cp314-cp314-manylinux2014_aarch64.manylinux_2_17_aarch64.manylinux_2_28_aarch64.whl", hash = "sha256:d0ba505e021557f7f8173ee8cd6b926373d8653e5ff7581ae2efce1b11ef4c27"},
    {file = "coverage-7.13.2-cp314-cp314-manylinux_2_31_riscv64.manylinux_2_39_riscv64.whl", hash = "sha256:7de326f80e3451bd5cc7239ab46c73ddb658fe0b7649476bc7413572d36cd548"},
    {file = "coverage-7.13.2-cp314-cp314-musllinux_1_2_aarch64.whl", hash = "sha256:abaea04f1e7e34841d4a7b343904a3f59481f62f9df39e2cd399d69a187a9660"},
    {file = "coverage-7.13.2-cp314-cp314-musllinux_1_2_i686.whl", hash = "sha256:9f93959ee0c604bccd8e0697be21de0887b1f73efcc3aa73a3ec0fd13feace92"},
    {file = "coverage-7.13.2-cp314-cp314-musllinux_1_2_riscv64.whl", hash = "sha256:13fe81ead04e34e105bf1b3c9f9cdf32ce31736ee5d90a8d2de02b9d3e1bcb82"},
    {file = "coverage-7.13.2-cp314-cp314-musllinux_1_2_x86_64.whl", hash = "sha256:d6d16b0f71120e365741bca2cb473ca6fe38930bc5431c5e850ba949f708f892"},
    {file = "coverage-7.13.2-cp314-cp314-win32.whl", hash = "sha256:9b2f4714bb7d99ba3790ee095b3b4ac94767e1347fe424278a0b10acb3ff04fe"},
    {file = "coverage-7.13.2-cp314-cp314-win_amd64.whl", hash = "sha256:e4121a90823a063d717a96e0a0529c727fb31ea889369a0ee3ec00ed99bf6859"},
    {file = "coverage-7.13.2-cp314-cp314-win_arm64.whl", hash = "sha256:6873f0271b4a15a33e7590f338d823f6f66f91ed147a03938d7ce26efd04eee6"},
    {file = "coverage-7.13.2-cp314-cp314t-macosx_10_15_x86_64.whl", hash = "sha256:f61d349f5b7cd95c34017f1927ee379bfbe9884300d74e07cf630ccf7a610c1b"},
    {file = "coverage-7.13.2-cp314-cp314t-macosx_11_0_arm64.whl", hash = "sha256:a43d34ce714f4ca674c0d90beb760eb05aad906f2c47580ccee9da8fe8bfb417"},
    {file = "coverage-7.13.2-cp314-cp314t-manylinux1_i686.manylinux_2_28_i686.manylinux_2_5_i686.whl", hash = "sha256:bff1b04cb9d4900ce5c56c4942f047dc7efe57e2608cb7c3c8936e9970ccdbee"},
    {file = "coverage-7.13.2-cp314-cp314t-manylinux1_x86_64.manylinux_2_28_x86_64.manylinux_2_5_x86_64.whl", hash = "sha256:6ae99e4560963ad8e163e819e5d77d413d331fd00566c1e0856aa252303552c1"},
    {file = "coverage-7.13.2-cp314-cp314t-manylinux2014_aarch64.manylinux_2_17_aarch64.manylinux_2_28_aarch64.whl", hash = "sha256:e79a8c7d461820257d9aa43716c4efc55366d7b292e46b5b37165be1d377405d"},
    {file = "coverage-7.13.2-cp314-cp314t-manylinux_2_31_riscv64.manylinux_2_39_riscv64.whl", hash = "sha256:060ee84f6a769d40c492711911a76811b4befb6fba50abb450371abb720f5bd6"},
    {file = "coverage-7.13.2-cp314-cp314t-musllinux_1_2_aarch64.whl", hash = "sha256:3bca209d001fd03ea2d978f8a4985093240a355c93078aee3f799852c23f561a"},
    {file = "coverage-7.13.2-cp314-cp314t-musllinux_1_2_i686.whl", hash = "sha256:6b8092aa38d72f091db61ef83cb66076f18f02da3e1a75039a4f218629600e04"},
    {file = "coverage-7.13.2-cp314-cp314t-musllinux_1_2_riscv64.whl", hash = "sha256:4a3158dc2dcce5200d91ec28cd315c999eebff355437d2765840555d765a6e5f"},
    {file = "coverage-7.13.2-cp314-cp314t-musllinux_1_2_x86_64.whl", hash = "sha256:3973f353b2d70bd9796cc12f532a05945232ccae966456c8ed7034cb96bbfd6f"},
    {file = "coverage-7.13.2-cp314-cp314t-win32.whl", hash = "sha256:79f6506a678a59d4ded048dc72f1859ebede8ec2b9a2d509ebe161f01c2879d3"},
    {file = "coverage-7.13.2-cp314-cp314t-win_amd64.whl", hash = "sha256:196bfeabdccc5a020a57d5a368c681e3a6ceb0447d153aeccc1ab4d70a5032ba"},
    {file = "coverage-7.13.2-cp314-cp314t-win_arm64.whl", hash = "sha256:69269ab58783e090bfbf5b916ab3d188126e22d6070bbfc93098fdd474ef937c"},
    {file = "coverage-7.13.2-py3-none-any.whl", hash = "sha256:40ce1ea1e25125556d8e76bd0b61500839a07944cc287ac21d5626f3e620cad5"},
    {file = "coverage-7.13.2.tar.gz", hash = "sha256:044c6951ec37146b72a50cc81ef02217d27d4c3640efd2640311393cbbf143d3"},
]

[[package]]
name = "exceptiongroup"
version = "1.3.1"
summary = ""
dependencies = [
    "typing-extensions; python_full_version >= \"3.10\" and python_full_version < \"3.13\"",
]
files = [
    {file = "exceptiongroup-1.3.1-py3-none-any.whl", hash = "sha256:a7a39a3bd276781e98394987d3a5701d0c4edffb633bb7a5144577f82c773598"},
    {file = "exceptiongroup-1.3.1.tar.gz", hash = "sha256:8b412432c6055b0b7d14c310000ae93352ed6754f70fa8f7c34141f91c4e3219"},
]

[[package]]
name = "idna"
version = "3.11"
summary = ""
files = [
    {file = "idna-3.11-py3-none-any.whl", hash = "sha256:771a87f49d9defaf64091e6e6fe9c18d4833f140bd19464795bc32d966ca37ea"},
    {file = "idna-3.11.tar.gz", hash = "sha256:795dafcc9c04ed0c1fb032c2aa73654d8e8c5023a7df64a53f39190ada629902"},
]

[[package]]
name = "iniconfig"
version = "2.3.0"
summary = ""
files = [
    {file = "iniconfig-2.3.0-py3-none-any.whl", hash = "sha256:f631c04d2c48c52b84d0d0549c99ff3859c98df65b3101406327ecc7d53fbf12"},
    {file = "iniconfig-2.3.0.tar.gz", hash = "sha256:c76315c77db068650d49c5b56314774a7804df16fee4402c1f19d6d15d8c4730"},
]

[[package]]
name = "packaging"
version = "26.0"
summary = ""
files = [
    {file = "packaging-26.0-py3-none-any.whl", hash = "sha256:b36f1fef9334a5588b4166f8bcd26a14e521f2b55e6b9de3aaa80d3ff7a37529"},
    {file = "packaging-26.0.tar.gz", hash = "sha256:00243ae351a257117b6a241061796684b084ed1c516a08c48a3f7e147a9d80b4"},
]

[[package]]
name = "pluggy"
version = "1.6.0"
summary = ""
files = [
    {file = "pluggy-1.6.0-py3-none-any.whl", hash = "sha256:e920276dd6813095e9377c0bc5566d94c932c33b27a3e3945d8389c374dd4746"},
    {file = "pluggy-1.6.0.tar.gz", hash = "sha256:7dcc130b76258d33b90f61b658791dede3486c3e6bfb003ee5c9bfb396dd22f3"},
]

[[package]]
name = "pygments"
version = "2.19.2"
summary = ""
files = [
    {file = "pygments-2.19.2-py3-none-any.whl", hash = "sha256:86540386c03d588bb81d44bc3928634ff26449851e99741617ecb9037ee5ec0b"},
    {file = "pygments-2.19.2.tar.gz", hash = "sha256:636cb2477cec7f8952536970bc533bc43743542f70392ae026374600add5b887"},
]

[[package]]
name = "pymysql"
version = "1.1.2"
summary = ""
files = [
    {file = "pymysql-1.1.2-py3-none-any.whl", hash = "sha256:e6b1d89711dd51f8f74b1631fe08f039e7d76cf67a42a323d3178f0f25762ed9"},
    {file = "pymysql-1.1.2.tar.gz", hash = "sha256:4961d3e165614ae65014e361811a724e2044ad3ea3739de9903ae7c21f539f03"},
]

[[package]]
name = "pytest"
version = "9.0.2"
summary = ""
dependencies = [
    "colorama; python_full_version >= \"3.10\" and sys_platform == \"win32\"",
    "exceptiongroup; python_full_version == \"3.10.*\"",
    "iniconfig; python_full_version >= \"3.10\"",
    "packaging; python_full_version >= \"3.10\"",
    "pluggy; python_full_version >= \"3.10\"",
    "pygments; python_full_version >= \"3.10\"",
    "tomli; python_full_version == \"3.10.*\"",
]
files = [
    {file = "pytest-9.0.2-py3-none-any.whl", hash = "sha256:711ffd45bf766d5264d487b917733b453d917afd2b0ad65223959f59089f875b"},
    {file = "pytest-9.0.2.tar.gz", hash = "sha256:75186651a92bd89611d1d9fc20f0b4345fd827c41ccd5c299a868a05d70edf11"},
]

[[package]]
name = "python-dotenv"
version = "0.18.0"
summary = ""
dependencies = [
    "typing; python_full_version < \"3.5\"",
]
files = [
    {file = "python-dotenv-0.18.0.tar.gz", hash = "sha256:effaac3c1e58d89b3ccb4d04a40dc7ad6e0275fda25fd75ae9d323e2465e202d"},
    {file = "python_dotenv-0.18.0-py2.py3-none-any.whl", hash = "sha256:dd8fe852847f4fbfadabf6183ddd4c824a9651f02d51714fa075c95561959c7d"},
]

[[package]]
name = "python-dotenv"
version = "0.20.0"
summary = ""
files = [
    {file = "python-dotenv-0.20.0.tar.gz", hash = "sha256:b7e3b04a59693c42c36f9ab1cc2acc46fa5df8c78e178fc33a8d4cd05c8d498f"},
    {file = "python_dotenv-0.20.0-py3-none-any.whl", hash = "sha256:d92a187be61fe482e4fd675b6d52200e7be63a12b724abbf931a40ce4fa92938"},
]

[[package]]
name = "python-dotenv"
version = "0.21.1"
summary = ""
files = [
    {file = "python-dotenv-0.21.1.tar.gz", hash = "sha256:1c93de8f636cde3ce377292818d0e440b6e45a82f215c3744979151fa8151c49"},
    {file = "python_dotenv-0.21.1-py3-none-any.whl", hash = "sha256:41e12e0318bebc859fcc4d97d4db8d20ad21721a6aa5047dd59f090391cb549a"},
]

[[package]]
name = "python-dotenv"
version = "1.0.1"
summary = ""
files = [
    {file = "python-dotenv-1.0.1.tar.gz", hash = "sha256:e324ee90a023d808f1959c46bcbc04446a10ced277783dc6ee09987c37ec10ca"},
    {file = "python_dotenv-1.0.1-py3-none-any.whl", hash = "sha256:f7b63ef50f1b690dddf550d03497b66d609393b40b564ed0d674909a68ebf16a"},
]

[[package]]
name = "python-dotenv"
version = "1.2.1"
summary = ""
files = [
    {file = "python_dotenv-1.2.1-py3-none-any.whl", hash = "sha256:b81ee9561e9ca4004139c6cbba3a238c32b03e4894671e181b671e8cb8425d61"},
    {file = "python_dotenv-1.2.1.tar.gz", hash = "sha256:42667e897e16ab0d66954af0e60a9caa94f0fd4ecf3aaf6d2d260eec1aa36ad6"},
]

[[package]]
name = "redis"
version = "7.1.0"
summary = ""
dependencies = [
    "async-timeout; python_full_version >= \"3.10\" and python_full_version < \"3.11.3\"",
]
files = [
    {file = "redis-7.1.0-py3-none-any.whl", hash = "sha256:23c52b208f92b56103e17c5d06bdc1a6c2c0b3106583985a76a18f83b265de2b"},
    {file = "redis-7.1.0.tar.gz", hash = "sha256:b1cc3cfa5a2cb9c2ab3ba700864fb0ad75617b41f01352ce5779dabf6d5f9c3c"},
]

[[package]]
name = "tomli"
version = "2.4.0"
summary = ""
files = [
    {file = "tomli-2.4.0-cp311-cp311-macosx_10_9_x86_64.whl", hash = "sha256:b5ef256a3fd497d4973c11bf142e9ed78b150d36f5773f1ca6088c230ffc5867"},
    {file = "tomli-2.4.0-cp311-cp311-macosx_11_0_arm64.whl", hash = "sha256:5572e41282d5268eb09a697c89a7bee84fae66511f87533a6f88bd2f7b652da9"},
    {file = "tomli-2.4.0-cp311-cp311-manylinux2014_aarch64.manylinux_2_17_aarch64.manylinux_2_28_aarch64.whl", hash = "sha256:551e321c6ba03b55676970b47cb1b73f14a0a4dce6a3e1a9458fd6d921d72e95"},
    {file = "tomli-2.4.0-cp311-cp311-manylinux2014_x86_64.manylinux_2_17_x86_64.manylinux_2_28_x86_64.whl", hash = "sha256:5e3f639a7a8f10069d0e15408c0b96a2a828cfdec6fca05296ebcdcc28ca7c76"},
    {file = "tomli-2.4.0-cp311-cp311-musllinux_1_2_aarch64.whl", hash = "sha256:1b168f2731796b045128c45982d3a4874057626da0e2ef1fdd722848b741361d"},
    {file = "tomli-2.4.0-cp311-cp311-musllinux_1_2_x86_64.whl", hash = "sha256:133e93646ec4300d651839d382d63edff11d8978be23da4cc106f5a18b7d0576"},
    {file = "tomli-2.4.0-cp311-cp311-win32.whl", hash = "sha256:b6c78bdf37764092d369722d9946cb65b8767bfa4110f902a1b2542d8d173c8a"},
    {file = "tomli-2.4.0-cp311-cp311-win_amd64.whl", hash = "sha256:d3d1654e11d724760cdb37a3d7691f0be9db5fbdaef59c9f532aabf87006dbaa"},
    {file = "tomli-2.4.0-cp311-cp311-win_arm64.whl", hash = "sha256:cae9c19ed12d4e8f3ebf46d1a75090e4c0dc16271c5bce1c833ac168f08fb614"},
    {file = "tomli-2.4.0-cp312-cp312-macosx_10_13_x86_64.whl", hash = "sha256:920b1de295e72887bafa3ad9f7a792f811847d57ea6b1215154030cf131f16b1"},
    {file = "tomli-2.4.0-cp312-cp312-macosx_11_0_arm64.whl", hash = "sha256:7d6d9a4aee98fac3eab4952ad1d73aee87359452d1c086b5ceb43ed02ddb16b8"},
    {file = "tomli-2.4.0-cp312-cp312-manylinux2014_aarch64.manylinux_2_17_aarch64.manylinux_2_28_aarch64.whl", hash = "sha256:36b9d05b51e65b254ea6c2585b59d2c4cb91c8a3d91d0ed0f17591a29aaea54a"},
    {file = "tomli-2.4.0-cp312-cp312-manylinux2014_x86_64.manylinux_2_17_x86_64.manylinux_2_28_x86_64.whl", hash = "sha256:1c8a885b370751837c029ef9bc014f27d80840e48bac415f3412e6593bbc18c1"},
    {file = "tomli-2.4.0-cp312-cp312-musllinux_1_2_aarch64.whl", hash = "sha256:8768715ffc41f0008abe25d808c20c3d990f42b6e2e58305d5da280ae7d1fa3b"},
    {file = "tomli-2.4.0-cp312-cp312-musllinux_1_2_x86_64.whl", hash = "sha256:7b438885858efd5be02a9a133caf5812b8776ee0c969fea02c45e8e3f296ba51"},
    {file = "tomli-2.4.0-cp312-cp312-win32.whl", hash = "sha256:0408e3de5ec77cc7f81960c362543cbbd91ef883e3138e81b729fc3eea5b9729"},
    {file = "tomli-2.4.0-cp312-cp312-win_amd64.whl", hash = "sha256:685306e2cc7da35be4ee914fd34ab801a6acacb061b6a7abca922aaf9ad368da"},
    {file = "tomli-2.4.0-cp312-cp312-win_arm64.whl", hash = "sha256:5aa48d7c2356055feef06a43611fc401a07337d5b006be13a30f6c58f869e3c3"},
    {file = "tomli-2.4.0-cp313-cp313-macosx_10_13_x86_64.whl", hash = "sha256:84d081fbc252d1b6a982e1870660e7330fb8f90f676f6e78b052ad4e64714bf0"},
    {file = "tomli-2.4.0-cp313-cp313-macosx_11_0_arm64.whl", hash = "sha256:9a08144fa4cba33db5255f9b74f0b89888622109bd2776148f2597447f92a94e"},
    {file = "tomli-2.4.0-cp313-cp313-manylinux2014_aarch64.manylinux_2_17_aarch64.manylinux_2_28_aarch64.whl", hash = "sha256:c73add4bb52a206fd0c0723432db123c0c75c280cbd67174dd9d2db228ebb1b4"},
    {file = "tomli-2.4.0-cp313-cp313-manylinux2014_x86_64.manylinux_2_17_x86_64.manylinux_2_28_x86_64.whl", hash = "sha256:1fb2945cbe303b1419e2706e711b7113da57b7db31ee378d08712d678a34e51e"},
    {file = "tomli-2.4.0-cp313-cp313-musllinux_1_2_aarch64.whl", hash = "sha256:bbb1b10aa643d973366dc2cb1ad94f99c1726a02343d43cbc011edbfac579e7c"},
    {file = "tomli-2.4.0-cp313-cp313-musllinux_1_2_x86_64.whl", hash = "sha256:4cbcb367d44a1f0c2be408758b43e1ffb5308abe0ea222897d6bfc8e8281ef2f"},
    {file = "tomli-2.4.0-cp313-cp313-win32.whl", hash = "sha256:7d49c66a7d5e56ac959cb6fc583aff0651094ec071ba9ad43df785abc2320d86"},
    {file = "tomli-2.4.0-cp313-cp313-win_amd64.whl", hash = "sha256:3cf226acb51d8f1c394c1b310e0e0e61fecdd7adcb78d01e294ac297dd2e7f87"},
    {file = "tomli-2.4.0-cp313-cp313-win_arm64.whl", hash = "sha256:d20b797a5c1ad80c516e41bc1fb0443ddb5006e9aaa7bda2d71978346aeb9132"},
    {file = "tomli-2.4.0-cp314-cp314-macosx_10_15_x86_64.whl", hash = "sha256:26ab906a1eb794cd4e103691daa23d95c6919cc2fa9160000ac02370cc9dd3f6"},
    {file = "tomli-2.4.0-cp314-cp314-macosx_11_0_arm64.whl", hash = "sha256:20cedb4ee43278bc4f2fee6cb50daec836959aadaf948db5172e776dd3d993fc"},
    {file = "tomli-2.4.0-cp314-cp314-manylinux2014_aarch64.manylinux_2_17_aarch64.manylinux_2_28_aarch64.whl", hash = "sha256:39b0b5d1b6dd03684b3fb276407ebed7090bbec989fa55838c98560c01113b66"},
    {file = "tomli-2.4.0-cp314-cp314-manylinux2014_x86_64.manylinux_2_17_x86_64.manylinux_2_28_x86_64.whl", hash = "sha256:a26d7ff68dfdb9f87a016ecfd1e1c2bacbe3108f4e0f8bcd2228ef9a766c787d"},
    {file = "tomli-2.4.0-cp314-cp314-musllinux_1_2_aarch64.whl", hash = "sha256:20ffd184fb1df76a66e34bd1b36b4a4641bd2b82954befa32fe8163e79f1a702"},
    {file = "tomli-2.4.0-cp314-cp314-musllinux_1_2_x86_64.whl", hash = "sha256:75c2f8bbddf170e8effc98f5e9084a8751f8174ea6ccf4fca5398436e0320bc8"},
    {file = "tomli-2.4.0-cp314-cp314-win32.whl", hash = "sha256:31d556d079d72db7c584c0627ff3a24c5d3fb4f730221d3444f3efb1b2514776"},
    {file = "tomli-2.4.0-cp314-cp314-win_amd64.whl", hash = "sha256:43e685b9b2341681907759cf3a04e14d7104b3580f808cfde1dfdb60ada85475"},
    {file = "tomli-2.4.0-cp314-cp314-win_arm64.whl", hash = "sha256:3d895d56bd3f82ddd6faaff993c275efc2ff38e52322ea264122d72729dca2b2"},
    {file = "tomli-2.4.0-cp314-cp314t-macosx_10_15_x86_64.whl", hash = "sha256:5b5807f3999fb66776dbce568cc9a828544244a8eb84b84b9bafc080c99597b9"},
    {file = "tomli-2.4.0-cp314-cp314t-macosx_11_0_arm64.whl", hash = "sha256:c084ad935abe686bd9c898e62a02a19abfc9760b5a79bc29644463eaf2840cb0"},
    {file = "tomli-2.4.0-cp314-cp314t-manylinux2014_aarch64.manylinux_2_17_aarch64.manylinux_2_28_aarch64.whl", hash = "sha256:0f2e3955efea4d1cfbcb87bc321e00dc08d2bcb737fd1d5e398af111d86db5df"},
    {file = "tomli-2.4.0-cp314-cp314t-manylinux2014_x86_64.manylinux_2_17_x86_64.manylinux_2_28_x86_64.whl", hash = "sha256:0e0fe8a0b8312acf3a88077a0802565cb09ee34107813bba1c7cd591fa6cfc8d"},
    {file = "tomli-2.4.0-cp314-cp314t-musllinux_1_2_aarch64.whl", hash = "sha256:413540dce94673591859c4c6f794dfeaa845e98bf35d72ed59636f869ef9f86f"},
    {file = "tomli-2.4.0-cp314-cp314t-musllinux_1_2_x86_64.whl", hash = "sha256:0dc56fef0e2c1c470aeac5b6ca8cc7b640bb93e92d9803ddaf9ea03e198f5b0b"},
    {file = "tomli-2.4.0-cp314-cp314t-win32.whl", hash = "sha256:d878f2a6707cc9d53a1be1414bbb419e629c3d6e67f69230217bb663e76b5087"},
    {file = "tomli-2.4.0-cp314-cp314t-win_amd64.whl", hash = "sha256:2add28aacc7425117ff6364fe9e06a183bb0251b03f986df0e78e974047571fd"},
    {file = "tomli-2.4.0-cp314-cp314t-win_arm64.whl", hash = "sha256:2b1e3b80e1d5e52e40e9b924ec43d81570f0e7d09d11081b797bc4692765a3d4"},
    {file = "tomli-2.4.0-py3-none-any.whl", hash = "sha256:1f776e7d669ebceb01dee46484485f43a4048746235e683bcdffacdf1fb4785a"},
    {file = "tomli-2.4.0.tar.gz", hash = "sha256:aa89c3f6c277dd275d8e243ad24f3b5e701491a860d5121f2cdd399fbb31fc9c"},
]

[[package]]
name = "tqdm"
version = "4.67.2"
summary = ""
dependencies = [
    "colorama; python_full_version >= \"3.10\" and sys_platform == \"win32\"",
]
files = [
    {file = "tqdm-4.67.2-py3-none-any.whl", hash = "sha256:9a12abcbbff58b6036b2167d9d3853042b9d436fe7330f06ae047867f2f8e0a7"},
    {file = "tqdm-4.67.2.tar.gz", hash = "sha256:649aac53964b2cb8dec76a14b405a4c0d13612cb8933aae547dd144eacc99653"},
]

[[package]]
name = "types-pymysql"
version = "1.1.0.20251220"
summary = ""
files = [
    {file = "types_pymysql-1.1.0.20251220-py3-none-any.whl", hash = "sha256:fa1082af7dea6c53b6caa5784241924b1296ea3a8d3bd060417352c5e10c0618"},
    {file = "types_pymysql-1.1.0.20251220.tar.gz", hash = "sha256:ae1c3df32a777489431e2e9963880a0df48f6591e0aa2fd3a6fabd9dee6eca54"},
]

[[package]]
name = "types-requests"
version = "2.32.4.20260107"
summary = ""
dependencies = [
    "urllib3; python_full_version >= \"3.10\"",
]
files = [
    {file = "types_requests-2.32.4.20260107-py3-none-any.whl", hash = "sha256:b703fe72f8ce5b31ef031264fe9395cac8f46a04661a79f7ed31a80fb308730d"},
    {file = "types_requests-2.32.4.20260107.tar.gz", hash = "sha256:018a11ac158f801bfa84857ddec1650750e393df8a004a8a9ae2a9bec6fcb24f"},
]

[[package]]
name = "types-tqdm"
version = "4.67.0.20250809"
summary = ""
dependencies = [
    "types-requests; python_full_version >= \"3.10\"",
]
files = [
    {file = "types_tqdm-4.67.0.20250809-py3-none-any.whl", hash = "sha256:1a73053b31fcabf3c1f3e2a9d5ecdba0f301bde47a418cd0e0bdf774827c5c57"},
    {file = "types_tqdm-4.67.0.20250809.tar.gz", hash = "sha256:02bf7ab91256080b9c4c63f9f11b519c27baaf52718e5fdab9e9606da168d500"},
]

[[package]]
name = "typing"
version = "3.10.0.0"
summary = ""
files = [
    {file = "typing-3.10.0.0-py3-none-any.whl", hash = "sha256:12fbdfbe7d6cca1a42e485229afcb0b0c8259258cfb919b8a5e2a5c953742f89"},
    {file = "typing-3.10.0.0.tar.gz", hash = "sha256:13b4ad211f54ddbf93e5901a9967b1e07720c1d1b78d596ac6a439641aa1b130"},
]

[[package]]
name = "typing-extensions"
version = "4.15.0"
summary = ""
files = [
    {file = "typing_extensions-4.15.0-py3-none-any.whl", hash = "sha256:f0fa19c6845758ab08074a0cfa8b7aecb71c999ca73d62883bc25cc018c4e548"},
    {file = "typing_extensions-4.15.0.tar.gz", hash = "sha256:0cea48d173cc12fa28ecabc3b837ea3cf6f38c6d1136f85cbaaf598984861466"},
]

[[package]]
name = "urllib3"
version = "2.6.3"
summary = ""
files = [
    {file = "urllib3-2.6.3-py3-none-any.whl", hash = "sha256:bf272323e553dfb2e87d9bfd225ca7b0f467b919d7bbd355436d3fd37cb0acd4"},
    {file = "urllib3-2.6.3.tar.gz", hash = "sha256:1b62b6884944a57dbe321509ab94fd4d3b307075e0c2eae991ac71ee15ad38ed"},
]
