# This file is @generated by PDM.
# It is not intended for manual editing.

[metadata]
groups = ["default", "dev"]
strategy = []
lock_version = "4.5.0"
content_hash = "sha256:43874c6b7e6294fcb8dd0275106607d4b6f21e49bfa97b43d67d03980edb5158"

[[metadata.targets]]
requires_python = ">=2.7"

[[package]]
name = "anyio"
version = "4.11.0"
summary = ""
dependencies = [
    "exceptiongroup; python_full_version == \"3.10.*\"",
    "idna; python_full_version >= \"3.10\"",
    "sniffio; python_full_version >= \"3.10\"",
    "typing-extensions; python_full_version >= \"3.10\" and python_full_version < \"3.13\"",
]
files = [
    {file = "anyio-4.11.0-py3-none-any.whl", hash = "sha256:0287e96f4d26d4149305414d4e3bc32f0dcd0862365a4bddea19d7a1ec38c4fc"},
    {file = "anyio-4.11.0.tar.gz", hash = "sha256:82a8d0b81e318cc5ce71a5f1f8b5c4e63619620b63141ef8c995fa0db95a57c4"},
]

[[package]]
name = "async-timeout"
version = "5.0.1"
summary = ""
files = [
    {file = "async_timeout-5.0.1-py3-none-any.whl", hash = "sha256:39e3809566ff85354557ec2398b55e096c8364bacac9405a7a1fa429e77fe76c"},
    {file = "async_timeout-5.0.1.tar.gz", hash = "sha256:d9321a7a3d5a6a5e187e824d2fa0793ce379a202935782d555d6e9d2735677d3"},
]

[[package]]
name = "asynctor"
version = "0.10.3"
summary = ""
dependencies = [
    "anyio; python_full_version >= \"3.10\"",
]
files = [
    {file = "asynctor-0.10.3-py3-none-any.whl", hash = "sha256:7f2077d5bafe789ea4b85d347851389383c55d9b7647112170c875c178286657"},
    {file = "asynctor-0.10.3.tar.gz", hash = "sha256:d8d34ac305ab9c2e1740a65cc9ae012aba6c774727e826cfeaac761636c3ddea"},
]

[[package]]
name = "asynctor"
version = "0.10.3"
extras = ["redis"]
summary = ""
dependencies = [
    "asynctor==0.10.3",
    "redis; python_full_version >= \"3.10\"",
]
files = [
    {file = "asynctor-0.10.3-py3-none-any.whl", hash = "sha256:7f2077d5bafe789ea4b85d347851389383c55d9b7647112170c875c178286657"},
    {file = "asynctor-0.10.3.tar.gz", hash = "sha256:d8d34ac305ab9c2e1740a65cc9ae012aba6c774727e826cfeaac761636c3ddea"},
]

[[package]]
name = "bumpversion2"
version = "1.5.1"
summary = ""
files = [
    {file = "bumpversion2-1.5.1-py3-none-any.whl", hash = "sha256:7e1f0fc27252b524991615aacaebbb39c6ebeb966e9dad5e37637ec478fa7628"},
    {file = "bumpversion2-1.5.1.tar.gz", hash = "sha256:df7c29fc55cffae7405809424fa479e8bdf625c5b78edbf36e0a4f6512b8842c"},
]

[[package]]
name = "click"
version = "8.3.1"
summary = ""
dependencies = [
    "colorama; python_full_version >= \"3.10\" and sys_platform == \"win32\"",
]
files = [
    {file = "click-8.3.1-py3-none-any.whl", hash = "sha256:981153a64e25f12d547d3426c367a4857371575ee7ad18df2a6183ab0545b2a6"},
    {file = "click-8.3.1.tar.gz", hash = "sha256:12ff4785d337a1bb490bb7e9c2b1ee5da3112e94a8622f26a6c77f5d2fc6842a"},
]

[[package]]
name = "colorama"
version = "0.4.6"
summary = ""
files = [
    {file = "colorama-0.4.6-py2.py3-none-any.whl", hash = "sha256:4f1d9991f5acc0ca119f9d443620b77f9d6b33703e51011c16baf57afb285fc6"},
    {file = "colorama-0.4.6.tar.gz", hash = "sha256:08695f5cb7ed6e0531a20572697297273c47b8cae5a63ffc6d6ed5c201be6e44"},
]

[[package]]
name = "coverage"
version = "7.12.0"
summary = ""
files = [
    {file = "coverage-7.12.0-cp310-cp310-macosx_10_9_x86_64.whl", hash = "sha256:32b75c2ba3f324ee37af3ccee5b30458038c50b349ad9b88cee85096132a575b"},
    {file = "coverage-7.12.0-cp310-cp310-macosx_11_0_arm64.whl", hash = "sha256:cb2a1b6ab9fe833714a483a915de350abc624a37149649297624c8d57add089c"},
    {file = "coverage-7.12.0-cp310-cp310-manylinux1_i686.manylinux_2_28_i686.manylinux_2_5_i686.whl", hash = "sha256:5734b5d913c3755e72f70bf6cc37a0518d4f4745cde760c5d8e12005e62f9832"},
    {file = "coverage-7.12.0-cp310-cp310-manylinux1_x86_64.manylinux_2_28_x86_64.manylinux_2_5_x86_64.whl", hash = "sha256:b527a08cdf15753279b7afb2339a12073620b761d79b81cbe2cdebdb43d90daa"},
    {file = "coverage-7.12.0-cp310-cp310-manylinux2014_aarch64.manylinux_2_17_aarch64.manylinux_2_28_aarch64.whl", hash = "sha256:9bb44c889fb68004e94cab71f6a021ec83eac9aeabdbb5a5a88821ec46e1da73"},
    {file = "coverage-7.12.0-cp310-cp310-manylinux_2_31_riscv64.manylinux_2_39_riscv64.whl", hash = "sha256:4b59b501455535e2e5dde5881739897967b272ba25988c89145c12d772810ccb"},
    {file = "coverage-7.12.0-cp310-cp310-musllinux_1_2_aarch64.whl", hash = "sha256:d8842f17095b9868a05837b7b1b73495293091bed870e099521ada176aa3e00e"},
    {file = "coverage-7.12.0-cp310-cp310-musllinux_1_2_i686.whl", hash = "sha256:c5a6f20bf48b8866095c6820641e7ffbe23f2ac84a2efc218d91235e404c7777"},
    {file = "coverage-7.12.0-cp310-cp310-musllinux_1_2_riscv64.whl", hash = "sha256:5f3738279524e988d9da2893f307c2093815c623f8d05a8f79e3eff3a7a9e553"},
    {file = "coverage-7.12.0-cp310-cp310-musllinux_1_2_x86_64.whl", hash = "sha256:e0d68c1f7eabbc8abe582d11fa393ea483caf4f44b0af86881174769f185c94d"},
    {file = "coverage-7.12.0-cp310-cp310-win32.whl", hash = "sha256:7670d860e18b1e3ee5930b17a7d55ae6287ec6e55d9799982aa103a2cc1fa2ef"},
    {file = "coverage-7.12.0-cp310-cp310-win_amd64.whl", hash = "sha256:f999813dddeb2a56aab5841e687b68169da0d3f6fc78ccf50952fa2463746022"},
    {file = "coverage-7.12.0-cp311-cp311-macosx_10_9_x86_64.whl", hash = "sha256:aa124a3683d2af98bd9d9c2bfa7a5076ca7e5ab09fdb96b81fa7d89376ae928f"},
    {file = "coverage-7.12.0-cp311-cp311-macosx_11_0_arm64.whl", hash = "sha256:d93fbf446c31c0140208dcd07c5d882029832e8ed7891a39d6d44bd65f2316c3"},
    {file = "coverage-7.12.0-cp311-cp311-manylinux1_i686.manylinux_2_28_i686.manylinux_2_5_i686.whl", hash = "sha256:52ca620260bd8cd6027317bdd8b8ba929be1d741764ee765b42c4d79a408601e"},
    {file = "coverage-7.12.0-cp311-cp311-manylinux1_x86_64.manylinux_2_28_x86_64.manylinux_2_5_x86_64.whl", hash = "sha256:f3433ffd541380f3a0e423cff0f4926d55b0cc8c1d160fdc3be24a4c03aa65f7"},
    {file = "coverage-7.12.0-cp311-cp311-manylinux2014_aarch64.manylinux_2_17_aarch64.manylinux_2_28_aarch64.whl", hash = "sha256:f7bbb321d4adc9f65e402c677cd1c8e4c2d0105d3ce285b51b4d87f1d5db5245"},
    {file = "coverage-7.12.0-cp311-cp311-manylinux_2_31_riscv64.manylinux_2_39_riscv64.whl", hash = "sha256:22a7aade354a72dff3b59c577bfd18d6945c61f97393bc5fb7bd293a4237024b"},
    {file = "coverage-7.12.0-cp311-cp311-musllinux_1_2_aarch64.whl", hash = "sha256:3ff651dcd36d2fea66877cd4a82de478004c59b849945446acb5baf9379a1b64"},
    {file = "coverage-7.12.0-cp311-cp311-musllinux_1_2_i686.whl", hash = "sha256:31b8b2e38391a56e3cea39d22a23faaa7c3fc911751756ef6d2621d2a9daf742"},
    {file = "coverage-7.12.0-cp311-cp311-musllinux_1_2_riscv64.whl", hash = "sha256:297bc2da28440f5ae51c845a47c8175a4db0553a53827886e4fb25c66633000c"},
    {file = "coverage-7.12.0-cp311-cp311-musllinux_1_2_x86_64.whl", hash = "sha256:6ff7651cc01a246908eac162a6a86fc0dbab6de1ad165dfb9a1e2ec660b44984"},
    {file = "coverage-7.12.0-cp311-cp311-win32.whl", hash = "sha256:313672140638b6ddb2c6455ddeda41c6a0b208298034544cfca138978c6baed6"},
    {file = "coverage-7.12.0-cp311-cp311-win_amd64.whl", hash = "sha256:a1783ed5bd0d5938d4435014626568dc7f93e3cb99bc59188cc18857c47aa3c4"},
    {file = "coverage-7.12.0-cp311-cp311-win_arm64.whl", hash = "sha256:4648158fd8dd9381b5847622df1c90ff314efbfc1df4550092ab6013c238a5fc"},
    {file = "coverage-7.12.0-cp312-cp312-macosx_10_13_x86_64.whl", hash = "sha256:29644c928772c78512b48e14156b81255000dcfd4817574ff69def189bcb3647"},
    {file = "coverage-7.12.0-cp312-cp312-macosx_11_0_arm64.whl", hash = "sha256:8638cbb002eaa5d7c8d04da667813ce1067080b9a91099801a0053086e52b736"},
    {file = "coverage-7.12.0-cp312-cp312-manylinux1_i686.manylinux_2_28_i686.manylinux_2_5_i686.whl", hash = "sha256:083631eeff5eb9992c923e14b810a179798bb598e6a0dd60586819fc23be6e60"},
    {file = "coverage-7.12.0-cp312-cp312-manylinux1_x86_64.manylinux_2_28_x86_64.manylinux_2_5_x86_64.whl", hash = "sha256:99d5415c73ca12d558e07776bd957c4222c687b9f1d26fa0e1b57e3598bdcde8"},
    {file = "coverage-7.12.0-cp312-cp312-manylinux2014_aarch64.manylinux_2_17_aarch64.manylinux_2_28_aarch64.whl", hash = "sha256:e949ebf60c717c3df63adb4a1a366c096c8d7fd8472608cd09359e1bd48ef59f"},
    {file = "coverage-7.12.0-cp312-cp312-manylinux_2_31_riscv64.manylinux_2_39_riscv64.whl", hash = "sha256:6d907ddccbca819afa2cd014bc69983b146cca2735a0b1e6259b2a6c10be1e70"},
    {file = "coverage-7.12.0-cp312-cp312-musllinux_1_2_aarch64.whl", hash = "sha256:b1518ecbad4e6173f4c6e6c4a46e49555ea5679bf3feda5edb1b935c7c44e8a0"},
    {file = "coverage-7.12.0-cp312-cp312-musllinux_1_2_i686.whl", hash = "sha256:51777647a749abdf6f6fd8c7cffab12de68ab93aab15efc72fbbb83036c2a068"},
    {file = "coverage-7.12.0-cp312-cp312-musllinux_1_2_riscv64.whl", hash = "sha256:42435d46d6461a3b305cdfcad7cdd3248787771f53fe18305548cba474e6523b"},
    {file = "coverage-7.12.0-cp312-cp312-musllinux_1_2_x86_64.whl", hash = "sha256:5bcead88c8423e1855e64b8057d0544e33e4080b95b240c2a355334bb7ced937"},
    {file = "coverage-7.12.0-cp312-cp312-win32.whl", hash = "sha256:dcbb630ab034e86d2a0f79aefd2be07e583202f41e037602d438c80044957baa"},
    {file = "coverage-7.12.0-cp312-cp312-win_amd64.whl", hash = "sha256:2fd8354ed5d69775ac42986a691fbf68b4084278710cee9d7c3eaa0c28fa982a"},
    {file = "coverage-7.12.0-cp312-cp312-win_arm64.whl", hash = "sha256:737c3814903be30695b2de20d22bcc5428fdae305c61ba44cdc8b3252984c49c"},
    {file = "coverage-7.12.0-cp313-cp313-macosx_10_13_x86_64.whl", hash = "sha256:47324fffca8d8eae7e185b5bb20c14645f23350f870c1649003618ea91a78941"},
    {file = "coverage-7.12.0-cp313-cp313-macosx_11_0_arm64.whl", hash = "sha256:ccf3b2ede91decd2fb53ec73c1f949c3e034129d1e0b07798ff1d02ea0c8fa4a"},
    {file = "coverage-7.12.0-cp313-cp313-manylinux1_i686.manylinux_2_28_i686.manylinux_2_5_i686.whl", hash = "sha256:b365adc70a6936c6b0582dc38746b33b2454148c02349345412c6e743efb646d"},
    {file = "coverage-7.12.0-cp313-cp313-manylinux1_x86_64.manylinux_2_28_x86_64.manylinux_2_5_x86_64.whl", hash = "sha256:bc13baf85cd8a4cfcf4a35c7bc9d795837ad809775f782f697bf630b7e200211"},
    {file = "coverage-7.12.0-cp313-cp313-manylinux2014_aarch64.manylinux_2_17_aarch64.manylinux_2_28_aarch64.whl", hash = "sha256:099d11698385d572ceafb3288a5b80fe1fc58bf665b3f9d362389de488361d3d"},
    {file = "coverage-7.12.0-cp313-cp313-manylinux_2_31_riscv64.manylinux_2_39_riscv64.whl", hash = "sha256:473dc45d69694069adb7680c405fb1e81f60b2aff42c81e2f2c3feaf544d878c"},
    {file = "coverage-7.12.0-cp313-cp313-musllinux_1_2_aarch64.whl", hash = "sha256:583f9adbefd278e9de33c33d6846aa8f5d164fa49b47144180a0e037f0688bb9"},
    {file = "coverage-7.12.0-cp313-cp313-musllinux_1_2_i686.whl", hash = "sha256:b2089cc445f2dc0af6f801f0d1355c025b76c24481935303cf1af28f636688f0"},
    {file = "coverage-7.12.0-cp313-cp313-musllinux_1_2_riscv64.whl", hash = "sha256:950411f1eb5d579999c5f66c62a40961f126fc71e5e14419f004471957b51508"},
    {file = "coverage-7.12.0-cp313-cp313-musllinux_1_2_x86_64.whl", hash = "sha256:b1aab7302a87bafebfe76b12af681b56ff446dc6f32ed178ff9c092ca776e6bc"},
    {file = "coverage-7.12.0-cp313-cp313-win32.whl", hash = "sha256:d7e0d0303c13b54db495eb636bc2465b2fb8475d4c8bcec8fe4b5ca454dfbae8"},
    {file = "coverage-7.12.0-cp313-cp313-win_amd64.whl", hash = "sha256:ce61969812d6a98a981d147d9ac583a36ac7db7766f2e64a9d4d059c2fe29d07"},
    {file = "coverage-7.12.0-cp313-cp313-win_arm64.whl", hash = "sha256:bcec6f47e4cb8a4c2dc91ce507f6eefc6a1b10f58df32cdc61dff65455031dfc"},
    {file = "coverage-7.12.0-cp313-cp313t-macosx_10_13_x86_64.whl", hash = "sha256:459443346509476170d553035e4a3eed7b860f4fe5242f02de1010501956ce87"},
    {file = "coverage-7.12.0-cp313-cp313t-macosx_11_0_arm64.whl", hash = "sha256:04a79245ab2b7a61688958f7a855275997134bc84f4a03bc240cf64ff132abf6"},
    {file = "coverage-7.12.0-cp313-cp313t-manylinux1_i686.manylinux_2_28_i686.manylinux_2_5_i686.whl", hash = "sha256:09a86acaaa8455f13d6a99221d9654df249b33937b4e212b4e5a822065f12aa7"},
    {file = "coverage-7.12.0-cp313-cp313t-manylinux1_x86_64.manylinux_2_28_x86_64.manylinux_2_5_x86_64.whl", hash = "sha256:907e0df1b71ba77463687a74149c6122c3f6aac56c2510a5d906b2f368208560"},
    {file = "coverage-7.12.0-cp313-cp313t-manylinux2014_aarch64.manylinux_2_17_aarch64.manylinux_2_28_aarch64.whl", hash = "sha256:9b57e2d0ddd5f0582bae5437c04ee71c46cd908e7bc5d4d0391f9a41e812dd12"},
    {file = "coverage-7.12.0-cp313-cp313t-manylinux_2_31_riscv64.manylinux_2_39_riscv64.whl", hash = "sha256:58c1c6aa677f3a1411fe6fb28ec3a942e4f665df036a3608816e0847fad23296"},
    {file = "coverage-7.12.0-cp313-cp313t-musllinux_1_2_aarch64.whl", hash = "sha256:4c589361263ab2953e3c4cd2a94db94c4ad4a8e572776ecfbad2389c626e4507"},
    {file = "coverage-7.12.0-cp313-cp313t-musllinux_1_2_i686.whl", hash = "sha256:91b810a163ccad2e43b1faa11d70d3cf4b6f3d83f9fd5f2df82a32d47b648e0d"},
    {file = "coverage-7.12.0-cp313-cp313t-musllinux_1_2_riscv64.whl", hash = "sha256:40c867af715f22592e0d0fb533a33a71ec9e0f73a6945f722a0c85c8c1cbe3a2"},
    {file = "coverage-7.12.0-cp313-cp313t-musllinux_1_2_x86_64.whl", hash = "sha256:68b0d0a2d84f333de875666259dadf28cc67858bc8fd8b3f1eae84d3c2bec455"},
    {file = "coverage-7.12.0-cp313-cp313t-win32.whl", hash = "sha256:73f9e7fbd51a221818fd11b7090eaa835a353ddd59c236c57b2199486b116c6d"},
    {file = "coverage-7.12.0-cp313-cp313t-win_amd64.whl", hash = "sha256:24cff9d1f5743f67db7ba46ff284018a6e9aeb649b67aa1e70c396aa1b7cb23c"},
    {file = "coverage-7.12.0-cp313-cp313t-win_arm64.whl", hash = "sha256:c87395744f5c77c866d0f5a43d97cc39e17c7f1cb0115e54a2fe67ca75c5d14d"},
    {file = "coverage-7.12.0-cp314-cp314-macosx_10_15_x86_64.whl", hash = "sha256:a1c59b7dc169809a88b21a936eccf71c3895a78f5592051b1af8f4d59c2b4f92"},
    {file = "coverage-7.12.0-cp314-cp314-macosx_11_0_arm64.whl", hash = "sha256:8787b0f982e020adb732b9f051f3e49dd5054cebbc3f3432061278512a2b1360"},
    {file = "coverage-7.12.0-cp314-cp314-manylinux1_i686.manylinux_2_28_i686.manylinux_2_5_i686.whl", hash = "sha256:5ea5a9f7dc8877455b13dd1effd3202e0bca72f6f3ab09f9036b1bcf728f69ac"},
    {file = "coverage-7.12.0-cp314-cp314-manylinux1_x86_64.manylinux_2_28_x86_64.manylinux_2_5_x86_64.whl", hash = "sha256:fdba9f15849534594f60b47c9a30bc70409b54947319a7c4fd0e8e3d8d2f355d"},
    {file = "coverage-7.12.0-cp314-cp314-manylinux2014_aarch64.manylinux_2_17_aarch64.manylinux_2_28_aarch64.whl", hash = "sha256:a00594770eb715854fb1c57e0dea08cce6720cfbc531accdb9850d7c7770396c"},
    {file = "coverage-7.12.0-cp314-cp314-manylinux_2_31_riscv64.manylinux_2_39_riscv64.whl", hash = "sha256:5560c7e0d82b42eb1951e4f68f071f8017c824ebfd5a6ebe42c60ac16c6c2434"},
    {file = "coverage-7.12.0-cp314-cp314-musllinux_1_2_aarch64.whl", hash = "sha256:d6c2e26b481c9159c2773a37947a9718cfdc58893029cdfb177531793e375cfc"},
    {file = "coverage-7.12.0-cp314-cp314-musllinux_1_2_i686.whl", hash = "sha256:6e1a8c066dabcde56d5d9fed6a66bc19a2883a3fe051f0c397a41fc42aedd4cc"},
    {file = "coverage-7.12.0-cp314-cp314-musllinux_1_2_riscv64.whl", hash = "sha256:f7ba9da4726e446d8dd8aae5a6cd872511184a5d861de80a86ef970b5dacce3e"},
    {file = "coverage-7.12.0-cp314-cp314-musllinux_1_2_x86_64.whl", hash = "sha256:e0f483ab4f749039894abaf80c2f9e7ed77bbf3c737517fb88c8e8e305896a17"},
    {file = "coverage-7.12.0-cp314-cp314-win32.whl", hash = "sha256:76336c19a9ef4a94b2f8dc79f8ac2da3f193f625bb5d6f51a328cd19bfc19933"},
    {file = "coverage-7.12.0-cp314-cp314-win_amd64.whl", hash = "sha256:7c1059b600aec6ef090721f8f633f60ed70afaffe8ecab85b59df748f24b31fe"},
    {file = "coverage-7.12.0-cp314-cp314-win_arm64.whl", hash = "sha256:172cf3a34bfef42611963e2b661302a8931f44df31629e5b1050567d6b90287d"},
    {file = "coverage-7.12.0-cp314-cp314t-macosx_10_15_x86_64.whl", hash = "sha256:aa7d48520a32cb21c7a9b31f81799e8eaec7239db36c3b670be0fa2403828d1d"},
    {file = "coverage-7.12.0-cp314-cp314t-macosx_11_0_arm64.whl", hash = "sha256:90d58ac63bc85e0fb919f14d09d6caa63f35a5512a2205284b7816cafd21bb03"},
    {file = "coverage-7.12.0-cp314-cp314t-manylinux1_i686.manylinux_2_28_i686.manylinux_2_5_i686.whl", hash = "sha256:ca8ecfa283764fdda3eae1bdb6afe58bf78c2c3ec2b2edcb05a671f0bba7b3f9"},
    {file = "coverage-7.12.0-cp314-cp314t-manylinux1_x86_64.manylinux_2_28_x86_64.manylinux_2_5_x86_64.whl", hash = "sha256:874fe69a0785d96bd066059cd4368022cebbec1a8958f224f0016979183916e6"},
    {file = "coverage-7.12.0-cp314-cp314t-manylinux2014_aarch64.manylinux_2_17_aarch64.manylinux_2_28_aarch64.whl", hash = "sha256:5b3c889c0b8b283a24d721a9eabc8ccafcfc3aebf167e4cd0d0e23bf8ec4e339"},
    {file = "coverage-7.12.0-cp314-cp314t-manylinux_2_31_riscv64.manylinux_2_39_riscv64.whl", hash = "sha256:8bb5b894b3ec09dcd6d3743229dc7f2c42ef7787dc40596ae04c0edda487371e"},
    {file = "coverage-7.12.0-cp314-cp314t-musllinux_1_2_aarch64.whl", hash = "sha256:79a44421cd5fba96aa57b5e3b5a4d3274c449d4c622e8f76882d76635501fd13"},
    {file = "coverage-7.12.0-cp314-cp314t-musllinux_1_2_i686.whl", hash = "sha256:33baadc0efd5c7294f436a632566ccc1f72c867f82833eb59820ee37dc811c6f"},
    {file = "coverage-7.12.0-cp314-cp314t-musllinux_1_2_riscv64.whl", hash = "sha256:c406a71f544800ef7e9e0000af706b88465f3573ae8b8de37e5f96c59f689ad1"},
    {file = "coverage-7.12.0-cp314-cp314t-musllinux_1_2_x86_64.whl", hash = "sha256:e71bba6a40883b00c6d571599b4627f50c360b3d0d02bfc658168936be74027b"},
    {file = "coverage-7.12.0-cp314-cp314t-win32.whl", hash = "sha256:9157a5e233c40ce6613dead4c131a006adfda70e557b6856b97aceed01b0e27a"},
    {file = "coverage-7.12.0-cp314-cp314t-win_amd64.whl", hash = "sha256:e84da3a0fd233aeec797b981c51af1cabac74f9bd67be42458365b30d11b5291"},
    {file = "coverage-7.12.0-cp314-cp314t-win_arm64.whl", hash = "sha256:01d24af36fedda51c2b1aca56e4330a3710f83b02a5ff3743a6b015ffa7c9384"},
    {file = "coverage-7.12.0-py3-none-any.whl", hash = "sha256:159d50c0b12e060b15ed3d39f87ed43d4f7f7ad40b8a534f4dd331adbb51104a"},
    {file = "coverage-7.12.0.tar.gz", hash = "sha256:fc11e0a4e372cb5f282f16ef90d4a585034050ccda536451901abfb19a57f40c"},
]

[[package]]
name = "emoji"
version = "2.15.0"
summary = ""
files = [
    {file = "emoji-2.15.0-py3-none-any.whl", hash = "sha256:205296793d66a89d88af4688fa57fd6496732eb48917a87175a023c8138995eb"},
    {file = "emoji-2.15.0.tar.gz", hash = "sha256:eae4ab7d86456a70a00a985125a03263a5eac54cd55e51d7e184b1ed3b6757e4"},
]

[[package]]
name = "exceptiongroup"
version = "1.3.0"
summary = ""
dependencies = [
    "typing-extensions; python_full_version >= \"3.10\" and python_full_version < \"3.13\"",
]
files = [
    {file = "exceptiongroup-1.3.0-py3-none-any.whl", hash = "sha256:4d111e6e0c13d0644cad6ddaa7ed0261a0b36971f6d23e7ec9b4b9097da78a10"},
    {file = "exceptiongroup-1.3.0.tar.gz", hash = "sha256:b241f5885f560bc56a59ee63ca4c6a8bfa46ae4ad651af316d4e81817bb9fd88"},
]

[[package]]
name = "fast-dev-cli"
version = "0.19.4"
summary = ""
dependencies = [
    "bumpversion2; python_full_version >= \"3.10\"",
    "coverage; python_full_version >= \"3.10\"",
    "emoji; python_full_version >= \"3.10\"",
    "mypy; python_full_version >= \"3.10\"",
    "packaging; python_full_version >= \"3.10\"",
    "pytest; python_full_version >= \"3.10\"",
    "tomli; python_full_version == \"3.10.*\"",
    "typer-slim; python_full_version >= \"3.10\"",
]
files = [
    {file = "fast_dev_cli-0.19.4-py3-none-any.whl", hash = "sha256:1430d8173de93d70137278e5df164ccc9f691011ae589301d654ec440b064a7d"},
    {file = "fast_dev_cli-0.19.4.tar.gz", hash = "sha256:188c24c26a91c3df241a65cf327201898e308f42fb331d3d175777cf75783f02"},
]

[[package]]
name = "idna"
version = "3.11"
summary = ""
files = [
    {file = "idna-3.11-py3-none-any.whl", hash = "sha256:771a87f49d9defaf64091e6e6fe9c18d4833f140bd19464795bc32d966ca37ea"},
    {file = "idna-3.11.tar.gz", hash = "sha256:795dafcc9c04ed0c1fb032c2aa73654d8e8c5023a7df64a53f39190ada629902"},
]

[[package]]
name = "iniconfig"
version = "2.3.0"
summary = ""
files = [
    {file = "iniconfig-2.3.0-py3-none-any.whl", hash = "sha256:f631c04d2c48c52b84d0d0549c99ff3859c98df65b3101406327ecc7d53fbf12"},
    {file = "iniconfig-2.3.0.tar.gz", hash = "sha256:c76315c77db068650d49c5b56314774a7804df16fee4402c1f19d6d15d8c4730"},
]

[[package]]
name = "mypy"
version = "1.18.2"
summary = ""
dependencies = [
    "mypy-extensions; python_full_version >= \"3.10\"",
    "pathspec; python_full_version >= \"3.10\"",
    "tomli; python_full_version == \"3.10.*\"",
    "typing-extensions; python_full_version >= \"3.10\"",
]
files = [
    {file = "mypy-1.18.2-cp310-cp310-macosx_10_9_x86_64.whl", hash = "sha256:c1eab0cf6294dafe397c261a75f96dc2c31bffe3b944faa24db5def4e2b0f77c"},
    {file = "mypy-1.18.2-cp310-cp310-macosx_11_0_arm64.whl", hash = "sha256:7a780ca61fc239e4865968ebc5240bb3bf610ef59ac398de9a7421b54e4a207e"},
    {file = "mypy-1.18.2-cp310-cp310-manylinux2014_aarch64.manylinux_2_17_aarch64.manylinux_2_28_aarch64.whl", hash = "sha256:448acd386266989ef11662ce3c8011fd2a7b632e0ec7d61a98edd8e27472225b"},
    {file = "mypy-1.18.2-cp310-cp310-manylinux2014_x86_64.manylinux_2_17_x86_64.manylinux_2_28_x86_64.whl", hash = "sha256:f9e171c465ad3901dc652643ee4bffa8e9fef4d7d0eece23b428908c77a76a66"},
    {file = "mypy-1.18.2-cp310-cp310-musllinux_1_2_x86_64.whl", hash = "sha256:592ec214750bc00741af1f80cbf96b5013d81486b7bb24cb052382c19e40b428"},
    {file = "mypy-1.18.2-cp310-cp310-win_amd64.whl", hash = "sha256:7fb95f97199ea11769ebe3638c29b550b5221e997c63b14ef93d2e971606ebed"},
    {file = "mypy-1.18.2-cp311-cp311-macosx_10_9_x86_64.whl", hash = "sha256:807d9315ab9d464125aa9fcf6d84fde6e1dc67da0b6f80e7405506b8ac72bc7f"},
    {file = "mypy-1.18.2-cp311-cp311-macosx_11_0_arm64.whl", hash = "sha256:776bb00de1778caf4db739c6e83919c1d85a448f71979b6a0edd774ea8399341"},
    {file = "mypy-1.18.2-cp311-cp311-manylinux2014_aarch64.manylinux_2_17_aarch64.manylinux_2_28_aarch64.whl", hash = "sha256:1379451880512ffce14505493bd9fe469e0697543717298242574882cf8cdb8d"},
    {file = "mypy-1.18.2-cp311-cp311-manylinux2014_x86_64.manylinux_2_17_x86_64.manylinux_2_28_x86_64.whl", hash = "sha256:1331eb7fd110d60c24999893320967594ff84c38ac6d19e0a76c5fd809a84c86"},
    {file = "mypy-1.18.2-cp311-cp311-musllinux_1_2_x86_64.whl", hash = "sha256:3ca30b50a51e7ba93b00422e486cbb124f1c56a535e20eff7b2d6ab72b3b2e37"},
    {file = "mypy-1.18.2-cp311-cp311-win_amd64.whl", hash = "sha256:664dc726e67fa54e14536f6e1224bcfce1d9e5ac02426d2326e2bb4e081d1ce8"},
    {file = "mypy-1.18.2-cp312-cp312-macosx_10_13_x86_64.whl", hash = "sha256:33eca32dd124b29400c31d7cf784e795b050ace0e1f91b8dc035672725617e34"},
    {file = "mypy-1.18.2-cp312-cp312-macosx_11_0_arm64.whl", hash = "sha256:a3c47adf30d65e89b2dcd2fa32f3aeb5e94ca970d2c15fcb25e297871c8e4764"},
    {file = "mypy-1.18.2-cp312-cp312-manylinux2014_aarch64.manylinux_2_17_aarch64.manylinux_2_28_aarch64.whl", hash = "sha256:5d6c838e831a062f5f29d11c9057c6009f60cb294fea33a98422688181fe2893"},
    {file = "mypy-1.18.2-cp312-cp312-manylinux2014_x86_64.manylinux_2_17_x86_64.manylinux_2_28_x86_64.whl", hash = "sha256:01199871b6110a2ce984bde85acd481232d17413868c9807e95c1b0739a58914"},
    {file = "mypy-1.18.2-cp312-cp312-musllinux_1_2_x86_64.whl", hash = "sha256:a2afc0fa0b0e91b4599ddfe0f91e2c26c2b5a5ab263737e998d6817874c5f7c8"},
    {file = "mypy-1.18.2-cp312-cp312-win_amd64.whl", hash = "sha256:d8068d0afe682c7c4897c0f7ce84ea77f6de953262b12d07038f4d296d547074"},
    {file = "mypy-1.18.2-cp313-cp313-macosx_10_13_x86_64.whl", hash = "sha256:07b8b0f580ca6d289e69209ec9d3911b4a26e5abfde32228a288eb79df129fcc"},
    {file = "mypy-1.18.2-cp313-cp313-macosx_11_0_arm64.whl", hash = "sha256:ed4482847168439651d3feee5833ccedbf6657e964572706a2adb1f7fa4dfe2e"},
    {file = "mypy-1.18.2-cp313-cp313-manylinux2014_aarch64.manylinux_2_17_aarch64.manylinux_2_28_aarch64.whl", hash = "sha256:c3ad2afadd1e9fea5cf99a45a822346971ede8685cc581ed9cd4d42eaf940986"},
    {file = "mypy-1.18.2-cp313-cp313-manylinux2014_x86_64.manylinux_2_17_x86_64.manylinux_2_28_x86_64.whl", hash = "sha256:a431a6f1ef14cf8c144c6b14793a23ec4eae3db28277c358136e79d7d062f62d"},
    {file = "mypy-1.18.2-cp313-cp313-musllinux_1_2_x86_64.whl", hash = "sha256:7ab28cc197f1dd77a67e1c6f35cd1f8e8b73ed2217e4fc005f9e6a504e46e7ba"},
    {file = "mypy-1.18.2-cp313-cp313-win_amd64.whl", hash = "sha256:0e2785a84b34a72ba55fb5daf079a1003a34c05b22238da94fcae2bbe46f3544"},
    {file = "mypy-1.18.2-cp314-cp314-macosx_10_13_x86_64.whl", hash = "sha256:62f0e1e988ad41c2a110edde6c398383a889d95b36b3e60bcf155f5164c4fdce"},
    {file = "mypy-1.18.2-cp314-cp314-macosx_11_0_arm64.whl", hash = "sha256:8795a039bab805ff0c1dfdb8cd3344642c2b99b8e439d057aba30850b8d3423d"},
    {file = "mypy-1.18.2-cp314-cp314-manylinux2014_aarch64.manylinux_2_17_aarch64.manylinux_2_28_aarch64.whl", hash = "sha256:6ca1e64b24a700ab5ce10133f7ccd956a04715463d30498e64ea8715236f9c9c"},
    {file = "mypy-1.18.2-cp314-cp314-manylinux2014_x86_64.manylinux_2_17_x86_64.manylinux_2_28_x86_64.whl", hash = "sha256:d924eef3795cc89fecf6bedc6ed32b33ac13e8321344f6ddbf8ee89f706c05cb"},
    {file = "mypy-1.18.2-cp314-cp314-musllinux_1_2_x86_64.whl", hash = "sha256:20c02215a080e3a2be3aa50506c67242df1c151eaba0dcbc1e4e557922a26075"},
    {file = "mypy-1.18.2-cp314-cp314-win_amd64.whl", hash = "sha256:749b5f83198f1ca64345603118a6f01a4e99ad4bf9d103ddc5a3200cc4614adf"},
    {file = "mypy-1.18.2-cp39-cp39-macosx_10_9_x86_64.whl", hash = "sha256:25a9c8fb67b00599f839cf472713f54249a62efd53a54b565eb61956a7e3296b"},
    {file = "mypy-1.18.2-cp39-cp39-macosx_11_0_arm64.whl", hash = "sha256:c2b9c7e284ee20e7598d6f42e13ca40b4928e6957ed6813d1ab6348aa3f47133"},
    {file = "mypy-1.18.2-cp39-cp39-manylinux2014_aarch64.manylinux_2_17_aarch64.manylinux_2_28_aarch64.whl", hash = "sha256:d6985ed057513e344e43a26cc1cd815c7a94602fb6a3130a34798625bc2f07b6"},
    {file = "mypy-1.18.2-cp39-cp39-manylinux2014_x86_64.manylinux_2_17_x86_64.manylinux_2_28_x86_64.whl", hash = "sha256:22f27105f1525ec024b5c630c0b9f36d5c1cc4d447d61fe51ff4bd60633f47ac"},
    {file = "mypy-1.18.2-cp39-cp39-musllinux_1_2_x86_64.whl", hash = "sha256:030c52d0ea8144e721e49b1f68391e39553d7451f0c3f8a7565b59e19fcb608b"},
    {file = "mypy-1.18.2-cp39-cp39-win_amd64.whl", hash = "sha256:aa5e07ac1a60a253445797e42b8b2963c9675563a94f11291ab40718b016a7a0"},
    {file = "mypy-1.18.2-py3-none-any.whl", hash = "sha256:22a1748707dd62b58d2ae53562ffc4d7f8bcc727e8ac7cbc69c053ddc874d47e"},
    {file = "mypy-1.18.2.tar.gz", hash = "sha256:06a398102a5f203d7477b2923dda3634c36727fa5c237d8f859ef90c42a9924b"},
]

[[package]]
name = "mypy-extensions"
version = "1.1.0"
summary = ""
files = [
    {file = "mypy_extensions-1.1.0-py3-none-any.whl", hash = "sha256:1be4cccdb0f2482337c4743e60421de3a356cd97508abadd57d47403e94f5505"},
    {file = "mypy_extensions-1.1.0.tar.gz", hash = "sha256:52e68efc3284861e772bbcd66823fde5ae21fd2fdb51c62a211403730b916558"},
]

[[package]]
name = "packaging"
version = "25.0"
summary = ""
files = [
    {file = "packaging-25.0-py3-none-any.whl", hash = "sha256:29572ef2b1f17581046b3a2227d5c611fb25ec70ca1ba8554b24b0e69331a484"},
    {file = "packaging-25.0.tar.gz", hash = "sha256:d443872c98d677bf60f6a1f2f8c1cb748e8fe762d2bf9d3148b5599295b0fc4f"},
]

[[package]]
name = "pathspec"
version = "0.12.1"
summary = ""
files = [
    {file = "pathspec-0.12.1-py3-none-any.whl", hash = "sha256:a0d503e138a4c123b27490a4f7beda6a01c6f288df0e4a8b79c7eb0dc7b4cc08"},
    {file = "pathspec-0.12.1.tar.gz", hash = "sha256:a482d51503a1ab33b1c67a6c3813a26953dbdc71c31dacaef9a838c4e29f5712"},
]

[[package]]
name = "pluggy"
version = "1.6.0"
summary = ""
files = [
    {file = "pluggy-1.6.0-py3-none-any.whl", hash = "sha256:e920276dd6813095e9377c0bc5566d94c932c33b27a3e3945d8389c374dd4746"},
    {file = "pluggy-1.6.0.tar.gz", hash = "sha256:7dcc130b76258d33b90f61b658791dede3486c3e6bfb003ee5c9bfb396dd22f3"},
]

[[package]]
name = "pygments"
version = "2.19.2"
summary = ""
files = [
    {file = "pygments-2.19.2-py3-none-any.whl", hash = "sha256:86540386c03d588bb81d44bc3928634ff26449851e99741617ecb9037ee5ec0b"},
    {file = "pygments-2.19.2.tar.gz", hash = "sha256:636cb2477cec7f8952536970bc533bc43743542f70392ae026374600add5b887"},
]

[[package]]
name = "pymysql"
version = "1.1.2"
summary = ""
files = [
    {file = "pymysql-1.1.2-py3-none-any.whl", hash = "sha256:e6b1d89711dd51f8f74b1631fe08f039e7d76cf67a42a323d3178f0f25762ed9"},
    {file = "pymysql-1.1.2.tar.gz", hash = "sha256:4961d3e165614ae65014e361811a724e2044ad3ea3739de9903ae7c21f539f03"},
]

[[package]]
name = "pytest"
version = "9.0.1"
summary = ""
dependencies = [
    "colorama; python_full_version >= \"3.10\" and sys_platform == \"win32\"",
    "exceptiongroup; python_full_version == \"3.10.*\"",
    "iniconfig; python_full_version >= \"3.10\"",
    "packaging; python_full_version >= \"3.10\"",
    "pluggy; python_full_version >= \"3.10\"",
    "pygments; python_full_version >= \"3.10\"",
    "tomli; python_full_version == \"3.10.*\"",
]
files = [
    {file = "pytest-9.0.1-py3-none-any.whl", hash = "sha256:67be0030d194df2dfa7b556f2e56fb3c3315bd5c8822c6951162b92b32ce7dad"},
    {file = "pytest-9.0.1.tar.gz", hash = "sha256:3e9c069ea73583e255c3b21cf46b8d3c56f6e3a1a8f6da94ccb0fcf57b9d73c8"},
]

[[package]]
name = "redis"
version = "7.1.0"
summary = ""
dependencies = [
    "async-timeout; python_full_version >= \"3.10\" and python_full_version < \"3.11.3\"",
]
files = [
    {file = "redis-7.1.0-py3-none-any.whl", hash = "sha256:23c52b208f92b56103e17c5d06bdc1a6c2c0b3106583985a76a18f83b265de2b"},
    {file = "redis-7.1.0.tar.gz", hash = "sha256:b1cc3cfa5a2cb9c2ab3ba700864fb0ad75617b41f01352ce5779dabf6d5f9c3c"},
]

[[package]]
name = "sniffio"
version = "1.3.1"
summary = ""
files = [
    {file = "sniffio-1.3.1-py3-none-any.whl", hash = "sha256:2f6da418d1f1e0fddd844478f41680e794e6051915791a034ff65e5f100525a2"},
    {file = "sniffio-1.3.1.tar.gz", hash = "sha256:f4324edc670a0f49750a81b895f35c3adb843cca46f0530f79fc1babb23789dc"},
]

[[package]]
name = "tomli"
version = "2.3.0"
summary = ""
files = [
    {file = "tomli-2.3.0-cp311-cp311-macosx_10_9_x86_64.whl", hash = "sha256:88bd15eb972f3664f5ed4b57c1634a97153b4bac4479dcb6a495f41921eb7f45"},
    {file = "tomli-2.3.0-cp311-cp311-macosx_11_0_arm64.whl", hash = "sha256:883b1c0d6398a6a9d29b508c331fa56adbcdff647f6ace4dfca0f50e90dfd0ba"},
    {file = "tomli-2.3.0-cp311-cp311-manylinux2014_aarch64.manylinux_2_17_aarch64.manylinux_2_28_aarch64.whl", hash = "sha256:d1381caf13ab9f300e30dd8feadb3de072aeb86f1d34a8569453ff32a7dea4bf"},
    {file = "tomli-2.3.0-cp311-cp311-manylinux2014_x86_64.manylinux_2_17_x86_64.manylinux_2_28_x86_64.whl", hash = "sha256:a0e285d2649b78c0d9027570d4da3425bdb49830a6156121360b3f8511ea3441"},
    {file = "tomli-2.3.0-cp311-cp311-musllinux_1_2_aarch64.whl", hash = "sha256:0a154a9ae14bfcf5d8917a59b51ffd5a3ac1fd149b71b47a3a104ca4edcfa845"},
    {file = "tomli-2.3.0-cp311-cp311-musllinux_1_2_x86_64.whl", hash = "sha256:74bf8464ff93e413514fefd2be591c3b0b23231a77f901db1eb30d6f712fc42c"},
    {file = "tomli-2.3.0-cp311-cp311-win32.whl", hash = "sha256:00b5f5d95bbfc7d12f91ad8c593a1659b6387b43f054104cda404be6bda62456"},
    {file = "tomli-2.3.0-cp311-cp311-win_amd64.whl", hash = "sha256:4dc4ce8483a5d429ab602f111a93a6ab1ed425eae3122032db7e9acf449451be"},
    {file = "tomli-2.3.0-cp312-cp312-macosx_10_13_x86_64.whl", hash = "sha256:d7d86942e56ded512a594786a5ba0a5e521d02529b3826e7761a05138341a2ac"},
    {file = "tomli-2.3.0-cp312-cp312-macosx_11_0_arm64.whl", hash = "sha256:73ee0b47d4dad1c5e996e3cd33b8a76a50167ae5f96a2607cbe8cc773506ab22"},
    {file = "tomli-2.3.0-cp312-cp312-manylinux2014_aarch64.manylinux_2_17_aarch64.manylinux_2_28_aarch64.whl", hash = "sha256:792262b94d5d0a466afb5bc63c7daa9d75520110971ee269152083270998316f"},
    {file = "tomli-2.3.0-cp312-cp312-manylinux2014_x86_64.manylinux_2_17_x86_64.manylinux_2_28_x86_64.whl", hash = "sha256:4f195fe57ecceac95a66a75ac24d9d5fbc98ef0962e09b2eddec5d39375aae52"},
    {file = "tomli-2.3.0-cp312-cp312-musllinux_1_2_aarch64.whl", hash = "sha256:e31d432427dcbf4d86958c184b9bfd1e96b5b71f8eb17e6d02531f434fd335b8"},
    {file = "tomli-2.3.0-cp312-cp312-musllinux_1_2_x86_64.whl", hash = "sha256:7b0882799624980785240ab732537fcfc372601015c00f7fc367c55308c186f6"},
    {file = "tomli-2.3.0-cp312-cp312-win32.whl", hash = "sha256:ff72b71b5d10d22ecb084d345fc26f42b5143c5533db5e2eaba7d2d335358876"},
    {file = "tomli-2.3.0-cp312-cp312-win_amd64.whl", hash = "sha256:1cb4ed918939151a03f33d4242ccd0aa5f11b3547d0cf30f7c74a408a5b99878"},
    {file = "tomli-2.3.0-cp313-cp313-macosx_10_13_x86_64.whl", hash = "sha256:5192f562738228945d7b13d4930baffda67b69425a7f0da96d360b0a3888136b"},
    {file = "tomli-2.3.0-cp313-cp313-macosx_11_0_arm64.whl", hash = "sha256:be71c93a63d738597996be9528f4abe628d1adf5e6eb11607bc8fe1a510b5dae"},
    {file = "tomli-2.3.0-cp313-cp313-manylinux2014_aarch64.manylinux_2_17_aarch64.manylinux_2_28_aarch64.whl", hash = "sha256:c4665508bcbac83a31ff8ab08f424b665200c0e1e645d2bd9ab3d3e557b6185b"},
    {file = "tomli-2.3.0-cp313-cp313-manylinux2014_x86_64.manylinux_2_17_x86_64.manylinux_2_28_x86_64.whl", hash = "sha256:4021923f97266babc6ccab9f5068642a0095faa0a51a246a6a02fccbb3514eaf"},
    {file = "tomli-2.3.0-cp313-cp313-musllinux_1_2_aarch64.whl", hash = "sha256:a4ea38c40145a357d513bffad0ed869f13c1773716cf71ccaa83b0fa0cc4e42f"},
    {file = "tomli-2.3.0-cp313-cp313-musllinux_1_2_x86_64.whl", hash = "sha256:ad805ea85eda330dbad64c7ea7a4556259665bdf9d2672f5dccc740eb9d3ca05"},
    {file = "tomli-2.3.0-cp313-cp313-win32.whl", hash = "sha256:97d5eec30149fd3294270e889b4234023f2c69747e555a27bd708828353ab606"},
    {file = "tomli-2.3.0-cp313-cp313-win_amd64.whl", hash = "sha256:0c95ca56fbe89e065c6ead5b593ee64b84a26fca063b5d71a1122bf26e533999"},
    {file = "tomli-2.3.0-cp314-cp314-macosx_10_13_x86_64.whl", hash = "sha256:cebc6fe843e0733ee827a282aca4999b596241195f43b4cc371d64fc6639da9e"},
    {file = "tomli-2.3.0-cp314-cp314-macosx_11_0_arm64.whl", hash = "sha256:4c2ef0244c75aba9355561272009d934953817c49f47d768070c3c94355c2aa3"},
    {file = "tomli-2.3.0-cp314-cp314-manylinux2014_aarch64.manylinux_2_17_aarch64.manylinux_2_28_aarch64.whl", hash = "sha256:c22a8bf253bacc0cf11f35ad9808b6cb75ada2631c2d97c971122583b129afbc"},
    {file = "tomli-2.3.0-cp314-cp314-manylinux2014_x86_64.manylinux_2_17_x86_64.manylinux_2_28_x86_64.whl", hash = "sha256:0eea8cc5c5e9f89c9b90c4896a8deefc74f518db5927d0e0e8d4a80953d774d0"},
    {file = "tomli-2.3.0-cp314-cp314-musllinux_1_2_aarch64.whl", hash = "sha256:b74a0e59ec5d15127acdabd75ea17726ac4c5178ae51b85bfe39c4f8a278e879"},
    {file = "tomli-2.3.0-cp314-cp314-musllinux_1_2_x86_64.whl", hash = "sha256:b5870b50c9db823c595983571d1296a6ff3e1b88f734a4c8f6fc6188397de005"},
    {file = "tomli-2.3.0-cp314-cp314-win32.whl", hash = "sha256:feb0dacc61170ed7ab602d3d972a58f14ee3ee60494292d384649a3dc38ef463"},
    {file = "tomli-2.3.0-cp314-cp314-win_amd64.whl", hash = "sha256:b273fcbd7fc64dc3600c098e39136522650c49bca95df2d11cf3b626422392c8"},
    {file = "tomli-2.3.0-cp314-cp314t-macosx_10_13_x86_64.whl", hash = "sha256:940d56ee0410fa17ee1f12b817b37a4d4e4dc4d27340863cc67236c74f582e77"},
    {file = "tomli-2.3.0-cp314-cp314t-macosx_11_0_arm64.whl", hash = "sha256:f85209946d1fe94416debbb88d00eb92ce9cd5266775424ff81bc959e001acaf"},
    {file = "tomli-2.3.0-cp314-cp314t-manylinux2014_aarch64.manylinux_2_17_aarch64.manylinux_2_28_aarch64.whl", hash = "sha256:a56212bdcce682e56b0aaf79e869ba5d15a6163f88d5451cbde388d48b13f530"},
    {file = "tomli-2.3.0-cp314-cp314t-manylinux2014_x86_64.manylinux_2_17_x86_64.manylinux_2_28_x86_64.whl", hash = "sha256:c5f3ffd1e098dfc032d4d3af5c0ac64f6d286d98bc148698356847b80fa4de1b"},
    {file = "tomli-2.3.0-cp314-cp314t-musllinux_1_2_aarch64.whl", hash = "sha256:5e01decd096b1530d97d5d85cb4dff4af2d8347bd35686654a004f8dea20fc67"},
    {file = "tomli-2.3.0-cp314-cp314t-musllinux_1_2_x86_64.whl", hash = "sha256:8a35dd0e643bb2610f156cca8db95d213a90015c11fee76c946aa62b7ae7e02f"},
    {file = "tomli-2.3.0-cp314-cp314t-win32.whl", hash = "sha256:a1f7f282fe248311650081faafa5f4732bdbfef5d45fe3f2e702fbc6f2d496e0"},
    {file = "tomli-2.3.0-cp314-cp314t-win_amd64.whl", hash = "sha256:70a251f8d4ba2d9ac2542eecf008b3c8a9fc5c3f9f02c56a9d7952612be2fdba"},
    {file = "tomli-2.3.0-py3-none-any.whl", hash = "sha256:e95b1af3c5b07d9e643909b5abbec77cd9f1217e6d0bca72b0234736b9fb1f1b"},
    {file = "tomli-2.3.0.tar.gz", hash = "sha256:64be704a875d2a59753d80ee8a533c3fe183e3f06807ff7dc2232938ccb01549"},
]

[[package]]
name = "tqdm"
version = "4.67.1"
summary = ""
dependencies = [
    "colorama; python_full_version >= \"3.10\" and sys_platform == \"win32\"",
]
files = [
    {file = "tqdm-4.67.1-py3-none-any.whl", hash = "sha256:26445eca388f82e72884e0d580d5464cd801a3ea01e63e5601bdff9ba6a48de2"},
    {file = "tqdm-4.67.1.tar.gz", hash = "sha256:f8aef9c52c08c13a65f30ea34f4e5aac3fd1a34959879d7e59e63027286627f2"},
]

[[package]]
name = "typer-slim"
version = "0.20.0"
summary = ""
dependencies = [
    "click; python_full_version >= \"3.10\"",
    "typing-extensions; python_full_version >= \"3.10\"",
]
files = [
    {file = "typer_slim-0.20.0-py3-none-any.whl", hash = "sha256:f42a9b7571a12b97dddf364745d29f12221865acef7a2680065f9bb29c7dc89d"},
    {file = "typer_slim-0.20.0.tar.gz", hash = "sha256:9fc6607b3c6c20f5c33ea9590cbeb17848667c51feee27d9e314a579ab07d1a3"},
]

[[package]]
name = "types-pymysql"
version = "1.1.0.20250916"
summary = ""
files = [
    {file = "types_pymysql-1.1.0.20250916-py3-none-any.whl", hash = "sha256:873eb9836bb5e3de4368cc7010ca72775f86e9692a5c7810f8c7f48da082e55b"},
    {file = "types_pymysql-1.1.0.20250916.tar.gz", hash = "sha256:98d75731795fcc06723a192786662bdfa760e1e00f22809c104fbb47bac5e29b"},
]

[[package]]
name = "types-requests"
version = "2.32.4.20250913"
summary = ""
dependencies = [
    "urllib3; python_full_version >= \"3.10\"",
]
files = [
    {file = "types_requests-2.32.4.20250913-py3-none-any.whl", hash = "sha256:78c9c1fffebbe0fa487a418e0fa5252017e9c60d1a2da394077f1780f655d7e1"},
    {file = "types_requests-2.32.4.20250913.tar.gz", hash = "sha256:abd6d4f9ce3a9383f269775a9835a4c24e5cd6b9f647d64f88aa4613c33def5d"},
]

[[package]]
name = "types-tqdm"
version = "4.67.0.20250809"
summary = ""
dependencies = [
    "types-requests; python_full_version >= \"3.10\"",
]
files = [
    {file = "types_tqdm-4.67.0.20250809-py3-none-any.whl", hash = "sha256:1a73053b31fcabf3c1f3e2a9d5ecdba0f301bde47a418cd0e0bdf774827c5c57"},
    {file = "types_tqdm-4.67.0.20250809.tar.gz", hash = "sha256:02bf7ab91256080b9c4c63f9f11b519c27baaf52718e5fdab9e9606da168d500"},
]

[[package]]
name = "typing-extensions"
version = "4.15.0"
summary = ""
files = [
    {file = "typing_extensions-4.15.0-py3-none-any.whl", hash = "sha256:f0fa19c6845758ab08074a0cfa8b7aecb71c999ca73d62883bc25cc018c4e548"},
    {file = "typing_extensions-4.15.0.tar.gz", hash = "sha256:0cea48d173cc12fa28ecabc3b837ea3cf6f38c6d1136f85cbaaf598984861466"},
]

[[package]]
name = "urllib3"
version = "2.5.0"
summary = ""
files = [
    {file = "urllib3-2.5.0-py3-none-any.whl", hash = "sha256:e6b01673c0fa6a13e374b50871808eb3bf7046c4b125b216f6bf1cc604cff0dc"},
    {file = "urllib3-2.5.0.tar.gz", hash = "sha256:3fc47733c7e419d4bc3f6b3dc2b4f890bb743906a30d56ba4a5bfa4bbff92760"},
]
