# This file is @generated by PDM.
# It is not intended for manual editing.

[metadata]
groups = ["default", "dev"]
strategy = []
lock_version = "4.5.0"
content_hash = "sha256:fad2655cc0c2e480f08d74e31c657f3ea317846f93af25f8d7fe96b86811611d"

[[metadata.targets]]
requires_python = ">=2.7"

[[package]]
name = "anyio"
version = "4.10.0"
summary = ""
dependencies = [
    "exceptiongroup; python_full_version >= \"3.9\" and python_full_version < \"3.11\"",
    "idna; python_full_version >= \"3.9\"",
    "sniffio; python_full_version >= \"3.9\"",
    "typing-extensions; python_full_version >= \"3.9\" and python_full_version < \"3.13\"",
]
files = [
    {file = "anyio-4.10.0-py3-none-any.whl", hash = "sha256:60e474ac86736bbfd6f210f7a61218939c318f43f9972497381f1c5e930ed3d1"},
    {file = "anyio-4.10.0.tar.gz", hash = "sha256:3f3fae35c96039744587aa5b8371e7e8e603c0702999535961dd336026973ba6"},
]

[[package]]
name = "async-timeout"
version = "5.0.1"
summary = ""
files = [
    {file = "async_timeout-5.0.1-py3-none-any.whl", hash = "sha256:39e3809566ff85354557ec2398b55e096c8364bacac9405a7a1fa429e77fe76c"},
    {file = "async_timeout-5.0.1.tar.gz", hash = "sha256:d9321a7a3d5a6a5e187e824d2fa0793ce379a202935782d555d6e9d2735677d3"},
]

[[package]]
name = "asynctor"
version = "0.10.3"
requires_python = ">=3.10"
summary = "Async functions to compare with anyio and asyncio, and toolkit to read excel with async/await."
dependencies = [
    "anyio>=3.7.1",
    "eval-type-backport<1.0.0,>=0.2.2; python_version < \"3.10\"",
]
files = [
    {file = "asynctor-0.10.3-py3-none-any.whl", hash = "sha256:7f2077d5bafe789ea4b85d347851389383c55d9b7647112170c875c178286657"},
    {file = "asynctor-0.10.3.tar.gz", hash = "sha256:d8d34ac305ab9c2e1740a65cc9ae012aba6c774727e826cfeaac761636c3ddea"},
]

[[package]]
name = "asynctor"
version = "0.10.3"
extras = ["redis"]
requires_python = ">=3.10"
summary = "Async functions to compare with anyio and asyncio, and toolkit to read excel with async/await."
dependencies = [
    "asynctor==0.10.3",
    "redis>=5.0.0",
]
files = [
    {file = "asynctor-0.10.3-py3-none-any.whl", hash = "sha256:7f2077d5bafe789ea4b85d347851389383c55d9b7647112170c875c178286657"},
    {file = "asynctor-0.10.3.tar.gz", hash = "sha256:d8d34ac305ab9c2e1740a65cc9ae012aba6c774727e826cfeaac761636c3ddea"},
]

[[package]]
name = "bumpversion2"
version = "1.4.4"
summary = ""
files = [
    {file = "bumpversion2-1.4.4-py3-none-any.whl", hash = "sha256:6307aacc997568354dc3237b95b23adbdde9311aa8fdae1cc68465606dd7c17d"},
    {file = "bumpversion2-1.4.4.tar.gz", hash = "sha256:e6a9cabb189525def6015d55e0aba92390bb4517495c257b7ec3e56621078238"},
]

[[package]]
name = "click"
version = "8.2.1"
summary = ""
dependencies = [
    "colorama; python_full_version >= \"3.10\" and sys_platform == \"win32\"",
]
files = [
    {file = "click-8.2.1-py3-none-any.whl", hash = "sha256:61a3265b914e850b85317d0b3109c7f8cd35a670f963866005d6ef1d5175a12b"},
    {file = "click-8.2.1.tar.gz", hash = "sha256:27c491cc05d968d271d5a1db13e3b5a184636d9d930f148c50b038f0d0646202"},
]

[[package]]
name = "colorama"
version = "0.4.6"
summary = ""
files = [
    {file = "colorama-0.4.6-py2.py3-none-any.whl", hash = "sha256:4f1d9991f5acc0ca119f9d443620b77f9d6b33703e51011c16baf57afb285fc6"},
    {file = "colorama-0.4.6.tar.gz", hash = "sha256:08695f5cb7ed6e0531a20572697297273c47b8cae5a63ffc6d6ed5c201be6e44"},
]

[[package]]
name = "coverage"
version = "7.10.6"
summary = ""
files = [
    {file = "coverage-7.10.6-cp310-cp310-macosx_10_9_x86_64.whl", hash = "sha256:70e7bfbd57126b5554aa482691145f798d7df77489a177a6bef80de78860a356"},
    {file = "coverage-7.10.6-cp310-cp310-macosx_11_0_arm64.whl", hash = "sha256:e41be6f0f19da64af13403e52f2dec38bbc2937af54df8ecef10850ff8d35301"},
    {file = "coverage-7.10.6-cp310-cp310-manylinux1_i686.manylinux_2_28_i686.manylinux_2_5_i686.whl", hash = "sha256:c61fc91ab80b23f5fddbee342d19662f3d3328173229caded831aa0bd7595460"},
    {file = "coverage-7.10.6-cp310-cp310-manylinux1_x86_64.manylinux_2_28_x86_64.manylinux_2_5_x86_64.whl", hash = "sha256:10356fdd33a7cc06e8051413140bbdc6f972137508a3572e3f59f805cd2832fd"},
    {file = "coverage-7.10.6-cp310-cp310-manylinux2014_aarch64.manylinux_2_17_aarch64.manylinux_2_28_aarch64.whl", hash = "sha256:80b1695cf7c5ebe7b44bf2521221b9bb8cdf69b1f24231149a7e3eb1ae5fa2fb"},
    {file = "coverage-7.10.6-cp310-cp310-musllinux_1_2_aarch64.whl", hash = "sha256:2e4c33e6378b9d52d3454bd08847a8651f4ed23ddbb4a0520227bd346382bbc6"},
    {file = "coverage-7.10.6-cp310-cp310-musllinux_1_2_i686.whl", hash = "sha256:c8a3ec16e34ef980a46f60dc6ad86ec60f763c3f2fa0db6d261e6e754f72e945"},
    {file = "coverage-7.10.6-cp310-cp310-musllinux_1_2_x86_64.whl", hash = "sha256:7d79dabc0a56f5af990cc6da9ad1e40766e82773c075f09cc571e2076fef882e"},
    {file = "coverage-7.10.6-cp310-cp310-win32.whl", hash = "sha256:86b9b59f2b16e981906e9d6383eb6446d5b46c278460ae2c36487667717eccf1"},
    {file = "coverage-7.10.6-cp310-cp310-win_amd64.whl", hash = "sha256:e132b9152749bd33534e5bd8565c7576f135f157b4029b975e15ee184325f528"},
    {file = "coverage-7.10.6-cp311-cp311-macosx_10_9_x86_64.whl", hash = "sha256:c706db3cabb7ceef779de68270150665e710b46d56372455cd741184f3868d8f"},
    {file = "coverage-7.10.6-cp311-cp311-macosx_11_0_arm64.whl", hash = "sha256:8e0c38dc289e0508ef68ec95834cb5d2e96fdbe792eaccaa1bccac3966bbadcc"},
    {file = "coverage-7.10.6-cp311-cp311-manylinux1_i686.manylinux_2_28_i686.manylinux_2_5_i686.whl", hash = "sha256:752a3005a1ded28f2f3a6e8787e24f28d6abe176ca64677bcd8d53d6fe2ec08a"},
    {file = "coverage-7.10.6-cp311-cp311-manylinux1_x86_64.manylinux_2_28_x86_64.manylinux_2_5_x86_64.whl", hash = "sha256:689920ecfd60f992cafca4f5477d55720466ad2c7fa29bb56ac8d44a1ac2b47a"},
    {file = "coverage-7.10.6-cp311-cp311-manylinux2014_aarch64.manylinux_2_17_aarch64.manylinux_2_28_aarch64.whl", hash = "sha256:ec98435796d2624d6905820a42f82149ee9fc4f2d45c2c5bc5a44481cc50db62"},
    {file = "coverage-7.10.6-cp311-cp311-musllinux_1_2_aarch64.whl", hash = "sha256:b37201ce4a458c7a758ecc4efa92fa8ed783c66e0fa3c42ae19fc454a0792153"},
    {file = "coverage-7.10.6-cp311-cp311-musllinux_1_2_i686.whl", hash = "sha256:2904271c80898663c810a6b067920a61dd8d38341244a3605bd31ab55250dad5"},
    {file = "coverage-7.10.6-cp311-cp311-musllinux_1_2_x86_64.whl", hash = "sha256:5aea98383463d6e1fa4e95416d8de66f2d0cb588774ee20ae1b28df826bcb619"},
    {file = "coverage-7.10.6-cp311-cp311-win32.whl", hash = "sha256:e3fb1fa01d3598002777dd259c0c2e6d9d5e10e7222976fc8e03992f972a2cba"},
    {file = "coverage-7.10.6-cp311-cp311-win_amd64.whl", hash = "sha256:f35ed9d945bece26553d5b4c8630453169672bea0050a564456eb88bdffd927e"},
    {file = "coverage-7.10.6-cp311-cp311-win_arm64.whl", hash = "sha256:99e1a305c7765631d74b98bf7dbf54eeea931f975e80f115437d23848ee8c27c"},
    {file = "coverage-7.10.6-cp312-cp312-macosx_10_13_x86_64.whl", hash = "sha256:5b2dd6059938063a2c9fee1af729d4f2af28fd1a545e9b7652861f0d752ebcea"},
    {file = "coverage-7.10.6-cp312-cp312-macosx_11_0_arm64.whl", hash = "sha256:388d80e56191bf846c485c14ae2bc8898aa3124d9d35903fef7d907780477634"},
    {file = "coverage-7.10.6-cp312-cp312-manylinux1_i686.manylinux_2_28_i686.manylinux_2_5_i686.whl", hash = "sha256:90cb5b1a4670662719591aa92d0095bb41714970c0b065b02a2610172dbf0af6"},
    {file = "coverage-7.10.6-cp312-cp312-manylinux1_x86_64.manylinux_2_28_x86_64.manylinux_2_5_x86_64.whl", hash = "sha256:961834e2f2b863a0e14260a9a273aff07ff7818ab6e66d2addf5628590c628f9"},
    {file = "coverage-7.10.6-cp312-cp312-manylinux2014_aarch64.manylinux_2_17_aarch64.manylinux_2_28_aarch64.whl", hash = "sha256:bf9a19f5012dab774628491659646335b1928cfc931bf8d97b0d5918dd58033c"},
    {file = "coverage-7.10.6-cp312-cp312-musllinux_1_2_aarch64.whl", hash = "sha256:99c4283e2a0e147b9c9cc6bc9c96124de9419d6044837e9799763a0e29a7321a"},
    {file = "coverage-7.10.6-cp312-cp312-musllinux_1_2_i686.whl", hash = "sha256:282b1b20f45df57cc508c1e033403f02283adfb67d4c9c35a90281d81e5c52c5"},
    {file = "coverage-7.10.6-cp312-cp312-musllinux_1_2_x86_64.whl", hash = "sha256:8cdbe264f11afd69841bd8c0d83ca10b5b32853263ee62e6ac6a0ab63895f972"},
    {file = "coverage-7.10.6-cp312-cp312-win32.whl", hash = "sha256:a517feaf3a0a3eca1ee985d8373135cfdedfbba3882a5eab4362bda7c7cf518d"},
    {file = "coverage-7.10.6-cp312-cp312-win_amd64.whl", hash = "sha256:856986eadf41f52b214176d894a7de05331117f6035a28ac0016c0f63d887629"},
    {file = "coverage-7.10.6-cp312-cp312-win_arm64.whl", hash = "sha256:acf36b8268785aad739443fa2780c16260ee3fa09d12b3a70f772ef100939d80"},
    {file = "coverage-7.10.6-cp313-cp313-macosx_10_13_x86_64.whl", hash = "sha256:ffea0575345e9ee0144dfe5701aa17f3ba546f8c3bb48db62ae101afb740e7d6"},
    {file = "coverage-7.10.6-cp313-cp313-macosx_11_0_arm64.whl", hash = "sha256:95d91d7317cde40a1c249d6b7382750b7e6d86fad9d8eaf4fa3f8f44cf171e80"},
    {file = "coverage-7.10.6-cp313-cp313-manylinux1_i686.manylinux_2_28_i686.manylinux_2_5_i686.whl", hash = "sha256:3e23dd5408fe71a356b41baa82892772a4cefcf758f2ca3383d2aa39e1b7a003"},
    {file = "coverage-7.10.6-cp313-cp313-manylinux1_x86_64.manylinux_2_28_x86_64.manylinux_2_5_x86_64.whl", hash = "sha256:0f3f56e4cb573755e96a16501a98bf211f100463d70275759e73f3cbc00d4f27"},
    {file = "coverage-7.10.6-cp313-cp313-manylinux2014_aarch64.manylinux_2_17_aarch64.manylinux_2_28_aarch64.whl", hash = "sha256:db4a1d897bbbe7339946ffa2fe60c10cc81c43fab8b062d3fcb84188688174a4"},
    {file = "coverage-7.10.6-cp313-cp313-musllinux_1_2_aarch64.whl", hash = "sha256:d8fd7879082953c156d5b13c74aa6cca37f6a6f4747b39538504c3f9c63d043d"},
    {file = "coverage-7.10.6-cp313-cp313-musllinux_1_2_i686.whl", hash = "sha256:28395ca3f71cd103b8c116333fa9db867f3a3e1ad6a084aa3725ae002b6583bc"},
    {file = "coverage-7.10.6-cp313-cp313-musllinux_1_2_x86_64.whl", hash = "sha256:61c950fc33d29c91b9e18540e1aed7d9f6787cc870a3e4032493bbbe641d12fc"},
    {file = "coverage-7.10.6-cp313-cp313-win32.whl", hash = "sha256:160c00a5e6b6bdf4e5984b0ef21fc860bc94416c41b7df4d63f536d17c38902e"},
    {file = "coverage-7.10.6-cp313-cp313-win_amd64.whl", hash = "sha256:628055297f3e2aa181464c3808402887643405573eb3d9de060d81531fa79d32"},
    {file = "coverage-7.10.6-cp313-cp313-win_arm64.whl", hash = "sha256:df4ec1f8540b0bcbe26ca7dd0f541847cc8a108b35596f9f91f59f0c060bfdd2"},
    {file = "coverage-7.10.6-cp313-cp313t-macosx_10_13_x86_64.whl", hash = "sha256:c9a8b7a34a4de3ed987f636f71881cd3b8339f61118b1aa311fbda12741bff0b"},
    {file = "coverage-7.10.6-cp313-cp313t-macosx_11_0_arm64.whl", hash = "sha256:8dd5af36092430c2b075cee966719898f2ae87b636cefb85a653f1d0ba5d5393"},
    {file = "coverage-7.10.6-cp313-cp313t-manylinux1_i686.manylinux_2_28_i686.manylinux_2_5_i686.whl", hash = "sha256:b0353b0f0850d49ada66fdd7d0c7cdb0f86b900bb9e367024fd14a60cecc1e27"},
    {file = "coverage-7.10.6-cp313-cp313t-manylinux1_x86_64.manylinux_2_28_x86_64.manylinux_2_5_x86_64.whl", hash = "sha256:d6b9ae13d5d3e8aeca9ca94198aa7b3ebbc5acfada557d724f2a1f03d2c0b0df"},
    {file = "coverage-7.10.6-cp313-cp313t-manylinux2014_aarch64.manylinux_2_17_aarch64.manylinux_2_28_aarch64.whl", hash = "sha256:675824a363cc05781b1527b39dc2587b8984965834a748177ee3c37b64ffeafb"},
    {file = "coverage-7.10.6-cp313-cp313t-musllinux_1_2_aarch64.whl", hash = "sha256:692d70ea725f471a547c305f0d0fc6a73480c62fb0da726370c088ab21aed282"},
    {file = "coverage-7.10.6-cp313-cp313t-musllinux_1_2_i686.whl", hash = "sha256:851430a9a361c7a8484a36126d1d0ff8d529d97385eacc8dfdc9bfc8c2d2cbe4"},
    {file = "coverage-7.10.6-cp313-cp313t-musllinux_1_2_x86_64.whl", hash = "sha256:d9369a23186d189b2fc95cc08b8160ba242057e887d766864f7adf3c46b2df21"},
    {file = "coverage-7.10.6-cp313-cp313t-win32.whl", hash = "sha256:92be86fcb125e9bda0da7806afd29a3fd33fdf58fba5d60318399adf40bf37d0"},
    {file = "coverage-7.10.6-cp313-cp313t-win_amd64.whl", hash = "sha256:6b3039e2ca459a70c79523d39347d83b73f2f06af5624905eba7ec34d64d80b5"},
    {file = "coverage-7.10.6-cp313-cp313t-win_arm64.whl", hash = "sha256:3fb99d0786fe17b228eab663d16bee2288e8724d26a199c29325aac4b0319b9b"},
    {file = "coverage-7.10.6-cp314-cp314-macosx_10_13_x86_64.whl", hash = "sha256:6008a021907be8c4c02f37cdc3ffb258493bdebfeaf9a839f9e71dfdc47b018e"},
    {file = "coverage-7.10.6-cp314-cp314-macosx_11_0_arm64.whl", hash = "sha256:5e75e37f23eb144e78940b40395b42f2321951206a4f50e23cfd6e8a198d3ceb"},
    {file = "coverage-7.10.6-cp314-cp314-manylinux1_i686.manylinux_2_28_i686.manylinux_2_5_i686.whl", hash = "sha256:0f7cb359a448e043c576f0da00aa8bfd796a01b06aa610ca453d4dde09cc1034"},
    {file = "coverage-7.10.6-cp314-cp314-manylinux1_x86_64.manylinux_2_28_x86_64.manylinux_2_5_x86_64.whl", hash = "sha256:c68018e4fc4e14b5668f1353b41ccf4bc83ba355f0e1b3836861c6f042d89ac1"},
    {file = "coverage-7.10.6-cp314-cp314-manylinux2014_aarch64.manylinux_2_17_aarch64.manylinux_2_28_aarch64.whl", hash = "sha256:cd4b2b0707fc55afa160cd5fc33b27ccbf75ca11d81f4ec9863d5793fc6df56a"},
    {file = "coverage-7.10.6-cp314-cp314-musllinux_1_2_aarch64.whl", hash = "sha256:4cec13817a651f8804a86e4f79d815b3b28472c910e099e4d5a0e8a3b6a1d4cb"},
    {file = "coverage-7.10.6-cp314-cp314-musllinux_1_2_i686.whl", hash = "sha256:f2a6a8e06bbda06f78739f40bfb56c45d14eb8249d0f0ea6d4b3d48e1f7c695d"},
    {file = "coverage-7.10.6-cp314-cp314-musllinux_1_2_x86_64.whl", hash = "sha256:081b98395ced0d9bcf60ada7661a0b75f36b78b9d7e39ea0790bb4ed8da14747"},
    {file = "coverage-7.10.6-cp314-cp314-win32.whl", hash = "sha256:6937347c5d7d069ee776b2bf4e1212f912a9f1f141a429c475e6089462fcecc5"},
    {file = "coverage-7.10.6-cp314-cp314-win_amd64.whl", hash = "sha256:adec1d980fa07e60b6ef865f9e5410ba760e4e1d26f60f7e5772c73b9a5b0713"},
    {file = "coverage-7.10.6-cp314-cp314-win_arm64.whl", hash = "sha256:a80f7aef9535442bdcf562e5a0d5a5538ce8abe6bb209cfbf170c462ac2c2a32"},
    {file = "coverage-7.10.6-cp314-cp314t-macosx_10_13_x86_64.whl", hash = "sha256:0de434f4fbbe5af4fa7989521c655c8c779afb61c53ab561b64dcee6149e4c65"},
    {file = "coverage-7.10.6-cp314-cp314t-macosx_11_0_arm64.whl", hash = "sha256:6e31b8155150c57e5ac43ccd289d079eb3f825187d7c66e755a055d2c85794c6"},
    {file = "coverage-7.10.6-cp314-cp314t-manylinux1_i686.manylinux_2_28_i686.manylinux_2_5_i686.whl", hash = "sha256:98cede73eb83c31e2118ae8d379c12e3e42736903a8afcca92a7218e1f2903b0"},
    {file = "coverage-7.10.6-cp314-cp314t-manylinux1_x86_64.manylinux_2_28_x86_64.manylinux_2_5_x86_64.whl", hash = "sha256:f863c08f4ff6b64fa8045b1e3da480f5374779ef187f07b82e0538c68cb4ff8e"},
    {file = "coverage-7.10.6-cp314-cp314t-manylinux2014_aarch64.manylinux_2_17_aarch64.manylinux_2_28_aarch64.whl", hash = "sha256:2b38261034fda87be356f2c3f42221fdb4171c3ce7658066ae449241485390d5"},
    {file = "coverage-7.10.6-cp314-cp314t-musllinux_1_2_aarch64.whl", hash = "sha256:0e93b1476b79eae849dc3872faeb0bf7948fd9ea34869590bc16a2a00b9c82a7"},
    {file = "coverage-7.10.6-cp314-cp314t-musllinux_1_2_i686.whl", hash = "sha256:ff8a991f70f4c0cf53088abf1e3886edcc87d53004c7bb94e78650b4d3dac3b5"},
    {file = "coverage-7.10.6-cp314-cp314t-musllinux_1_2_x86_64.whl", hash = "sha256:ac765b026c9f33044419cbba1da913cfb82cca1b60598ac1c7a5ed6aac4621a0"},
    {file = "coverage-7.10.6-cp314-cp314t-win32.whl", hash = "sha256:441c357d55f4936875636ef2cfb3bee36e466dcf50df9afbd398ce79dba1ebb7"},
    {file = "coverage-7.10.6-cp314-cp314t-win_amd64.whl", hash = "sha256:073711de3181b2e204e4870ac83a7c4853115b42e9cd4d145f2231e12d670930"},
    {file = "coverage-7.10.6-cp314-cp314t-win_arm64.whl", hash = "sha256:137921f2bac5559334ba66122b753db6dc5d1cf01eb7b64eb412bb0d064ef35b"},
    {file = "coverage-7.10.6-cp39-cp39-macosx_10_9_x86_64.whl", hash = "sha256:90558c35af64971d65fbd935c32010f9a2f52776103a259f1dee865fe8259352"},
    {file = "coverage-7.10.6-cp39-cp39-macosx_11_0_arm64.whl", hash = "sha256:8953746d371e5695405806c46d705a3cd170b9cc2b9f93953ad838f6c1e58612"},
    {file = "coverage-7.10.6-cp39-cp39-manylinux1_i686.manylinux_2_28_i686.manylinux_2_5_i686.whl", hash = "sha256:c83f6afb480eae0313114297d29d7c295670a41c11b274e6bca0c64540c1ce7b"},
    {file = "coverage-7.10.6-cp39-cp39-manylinux1_x86_64.manylinux_2_28_x86_64.manylinux_2_5_x86_64.whl", hash = "sha256:7eb68d356ba0cc158ca535ce1381dbf2037fa8cb5b1ae5ddfc302e7317d04144"},
    {file = "coverage-7.10.6-cp39-cp39-manylinux2014_aarch64.manylinux_2_17_aarch64.manylinux_2_28_aarch64.whl", hash = "sha256:5b15a87265e96307482746d86995f4bff282f14b027db75469c446da6127433b"},
    {file = "coverage-7.10.6-cp39-cp39-musllinux_1_2_aarch64.whl", hash = "sha256:fc53ba868875bfbb66ee447d64d6413c2db91fddcfca57025a0e7ab5b07d5862"},
    {file = "coverage-7.10.6-cp39-cp39-musllinux_1_2_i686.whl", hash = "sha256:efeda443000aa23f276f4df973cb82beca682fd800bb119d19e80504ffe53ec2"},
    {file = "coverage-7.10.6-cp39-cp39-musllinux_1_2_x86_64.whl", hash = "sha256:9702b59d582ff1e184945d8b501ffdd08d2cee38d93a2206aa5f1365ce0b8d78"},
    {file = "coverage-7.10.6-cp39-cp39-win32.whl", hash = "sha256:2195f8e16ba1a44651ca684db2ea2b2d4b5345da12f07d9c22a395202a05b23c"},
    {file = "coverage-7.10.6-cp39-cp39-win_amd64.whl", hash = "sha256:f32ff80e7ef6a5b5b606ea69a36e97b219cd9dc799bcf2963018a4d8f788cfbf"},
    {file = "coverage-7.10.6-py3-none-any.whl", hash = "sha256:92c4ecf6bf11b2e85fd4d8204814dc26e6a19f0c9d938c207c5cb0eadfcabbe3"},
    {file = "coverage-7.10.6.tar.gz", hash = "sha256:f644a3ae5933a552a29dbb9aa2f90c677a875f80ebea028e5a52a4f429044b90"},
]

[[package]]
name = "emoji"
version = "2.14.1"
summary = ""
files = [
    {file = "emoji-2.14.1-py3-none-any.whl", hash = "sha256:35a8a486c1460addb1499e3bf7929d3889b2e2841a57401903699fef595e942b"},
    {file = "emoji-2.14.1.tar.gz", hash = "sha256:f8c50043d79a2c1410ebfae833ae1868d5941a67a6cd4d18377e2eb0bd79346b"},
]

[[package]]
name = "exceptiongroup"
version = "1.3.0"
summary = ""
dependencies = [
    "typing-extensions; python_full_version >= \"3.9\" and python_full_version < \"3.13\"",
]
files = [
    {file = "exceptiongroup-1.3.0-py3-none-any.whl", hash = "sha256:4d111e6e0c13d0644cad6ddaa7ed0261a0b36971f6d23e7ec9b4b9097da78a10"},
    {file = "exceptiongroup-1.3.0.tar.gz", hash = "sha256:b241f5885f560bc56a59ee63ca4c6a8bfa46ae4ad651af316d4e81817bb9fd88"},
]

[[package]]
name = "fast-dev-cli"
version = "0.19.3"
requires_python = ">=3.10"
summary = "Python project development tool."
dependencies = [
    "bumpversion2>=1.4.3",
    "coverage>=7.5.1",
    "emoji>=2.12.1",
    "mypy>=1.15.0",
    "packaging>=20.5",
    "pytest>=8.2.0",
    "tomli<3,>=2.0.1; python_version < \"3.11\"",
    "typer-slim<1,>=0.12.3",
]
files = [
    {file = "fast_dev_cli-0.19.3-py3-none-any.whl", hash = "sha256:ea99c7a47cb4d90dc183627f7c4deb7d18f4a02093ee21160d9fa637cd85d11e"},
    {file = "fast_dev_cli-0.19.3.tar.gz", hash = "sha256:4a31d0e913b5acd667dd71d5cd9bb4901a49ec7ac27bae1c69b4555ffc1dbe18"},
]

[[package]]
name = "idna"
version = "3.10"
summary = ""
files = [
    {file = "idna-3.10-py3-none-any.whl", hash = "sha256:946d195a0d259cbba61165e88e65941f16e9b36ea6ddb97f00452bae8b1287d3"},
    {file = "idna-3.10.tar.gz", hash = "sha256:12f65c9b470abda6dc35cf8e63cc574b1c52b11df2c86030af0ac09b01b13ea9"},
]

[[package]]
name = "iniconfig"
version = "2.1.0"
summary = ""
files = [
    {file = "iniconfig-2.1.0-py3-none-any.whl", hash = "sha256:9deba5723312380e77435581c6bf4935c94cbfab9b1ed33ef8d238ea168eb760"},
    {file = "iniconfig-2.1.0.tar.gz", hash = "sha256:3abbd2e30b36733fee78f9c7f7308f2d0050e88f0087fd25c2645f63c773e1c7"},
]

[[package]]
name = "markdown-it-py"
version = "4.0.0"
summary = ""
dependencies = [
    "mdurl; python_full_version >= \"3.10\"",
]
files = [
    {file = "markdown_it_py-4.0.0-py3-none-any.whl", hash = "sha256:87327c59b172c5011896038353a81343b6754500a08cd7a4973bb48c6d578147"},
    {file = "markdown_it_py-4.0.0.tar.gz", hash = "sha256:cb0a2b4aa34f932c007117b194e945bd74e0ec24133ceb5bac59009cda1cb9f3"},
]

[[package]]
name = "mdurl"
version = "0.1.2"
summary = ""
files = [
    {file = "mdurl-0.1.2-py3-none-any.whl", hash = "sha256:84008a41e51615a49fc9966191ff91509e3c40b939176e643fd50a5c2196b8f8"},
    {file = "mdurl-0.1.2.tar.gz", hash = "sha256:bb413d29f5eea38f31dd4754dd7377d4465116fb207585f97bf925588687c1ba"},
]

[[package]]
name = "mypy"
version = "1.18.1"
summary = ""
dependencies = [
    "mypy-extensions; python_full_version >= \"3.9\"",
    "pathspec; python_full_version >= \"3.9\"",
    "tomli; python_full_version >= \"3.9\" and python_full_version < \"3.11\"",
    "typing-extensions; python_full_version >= \"3.9\"",
]
files = [
    {file = "mypy-1.18.1-cp310-cp310-macosx_10_9_x86_64.whl", hash = "sha256:2761b6ae22a2b7d8e8607fb9b81ae90bc2e95ec033fd18fa35e807af6c657763"},
    {file = "mypy-1.18.1-cp310-cp310-macosx_11_0_arm64.whl", hash = "sha256:5b10e3ea7f2eec23b4929a3fabf84505da21034a4f4b9613cda81217e92b74f3"},
    {file = "mypy-1.18.1-cp310-cp310-manylinux2014_aarch64.manylinux_2_17_aarch64.manylinux_2_28_aarch64.whl", hash = "sha256:261fbfced030228bc0f724d5d92f9ae69f46373bdfd0e04a533852677a11dbea"},
    {file = "mypy-1.18.1-cp310-cp310-manylinux2014_x86_64.manylinux_2_17_x86_64.manylinux_2_28_x86_64.whl", hash = "sha256:4dc6b34a1c6875e6286e27d836a35c0d04e8316beac4482d42cfea7ed2527df8"},
    {file = "mypy-1.18.1-cp310-cp310-musllinux_1_2_x86_64.whl", hash = "sha256:1cabb353194d2942522546501c0ff75c4043bf3b63069cb43274491b44b773c9"},
    {file = "mypy-1.18.1-cp310-cp310-win_amd64.whl", hash = "sha256:738b171690c8e47c93569635ee8ec633d2cdb06062f510b853b5f233020569a9"},
    {file = "mypy-1.18.1-cp311-cp311-macosx_10_9_x86_64.whl", hash = "sha256:6c903857b3e28fc5489e54042684a9509039ea0aedb2a619469438b544ae1961"},
    {file = "mypy-1.18.1-cp311-cp311-macosx_11_0_arm64.whl", hash = "sha256:2a0c8392c19934c2b6c65566d3a6abdc6b51d5da7f5d04e43f0eb627d6eeee65"},
    {file = "mypy-1.18.1-cp311-cp311-manylinux2014_aarch64.manylinux_2_17_aarch64.manylinux_2_28_aarch64.whl", hash = "sha256:f85eb7efa2ec73ef63fc23b8af89c2fe5bf2a4ad985ed2d3ff28c1bb3c317c92"},
    {file = "mypy-1.18.1-cp311-cp311-manylinux2014_x86_64.manylinux_2_17_x86_64.manylinux_2_28_x86_64.whl", hash = "sha256:82ace21edf7ba8af31c3308a61dc72df30500f4dbb26f99ac36b4b80809d7e94"},
    {file = "mypy-1.18.1-cp311-cp311-musllinux_1_2_x86_64.whl", hash = "sha256:a2dfd53dfe632f1ef5d161150a4b1f2d0786746ae02950eb3ac108964ee2975a"},
    {file = "mypy-1.18.1-cp311-cp311-win_amd64.whl", hash = "sha256:320f0ad4205eefcb0e1a72428dde0ad10be73da9f92e793c36228e8ebf7298c0"},
    {file = "mypy-1.18.1-cp312-cp312-macosx_10_13_x86_64.whl", hash = "sha256:502cde8896be8e638588b90fdcb4c5d5b8c1b004dfc63fd5604a973547367bb9"},
    {file = "mypy-1.18.1-cp312-cp312-macosx_11_0_arm64.whl", hash = "sha256:7509549b5e41be279afc1228242d0e397f1af2919a8f2877ad542b199dc4083e"},
    {file = "mypy-1.18.1-cp312-cp312-manylinux2014_aarch64.manylinux_2_17_aarch64.manylinux_2_28_aarch64.whl", hash = "sha256:5956ecaabb3a245e3f34100172abca1507be687377fe20e24d6a7557e07080e2"},
    {file = "mypy-1.18.1-cp312-cp312-manylinux2014_x86_64.manylinux_2_17_x86_64.manylinux_2_28_x86_64.whl", hash = "sha256:8750ceb014a96c9890421c83f0db53b0f3b8633e2864c6f9bc0a8e93951ed18d"},
    {file = "mypy-1.18.1-cp312-cp312-musllinux_1_2_x86_64.whl", hash = "sha256:fb89ea08ff41adf59476b235293679a6eb53a7b9400f6256272fb6029bec3ce5"},
    {file = "mypy-1.18.1-cp312-cp312-win_amd64.whl", hash = "sha256:2657654d82fcd2a87e02a33e0d23001789a554059bbf34702d623dafe353eabf"},
    {file = "mypy-1.18.1-cp313-cp313-macosx_10_13_x86_64.whl", hash = "sha256:d70d2b5baf9b9a20bc9c730015615ae3243ef47fb4a58ad7b31c3e0a59b5ef1f"},
    {file = "mypy-1.18.1-cp313-cp313-macosx_11_0_arm64.whl", hash = "sha256:b8367e33506300f07a43012fc546402f283c3f8bcff1dc338636affb710154ce"},
    {file = "mypy-1.18.1-cp313-cp313-manylinux2014_aarch64.manylinux_2_17_aarch64.manylinux_2_28_aarch64.whl", hash = "sha256:913f668ec50c3337b89df22f973c1c8f0b29ee9e290a8b7fe01cc1ef7446d42e"},
    {file = "mypy-1.18.1-cp313-cp313-manylinux2014_x86_64.manylinux_2_17_x86_64.manylinux_2_28_x86_64.whl", hash = "sha256:1a0e70b87eb27b33209fa4792b051c6947976f6ab829daa83819df5f58330c71"},
    {file = "mypy-1.18.1-cp313-cp313-musllinux_1_2_x86_64.whl", hash = "sha256:c378d946e8a60be6b6ede48c878d145546fb42aad61df998c056ec151bf6c746"},
    {file = "mypy-1.18.1-cp313-cp313-win_amd64.whl", hash = "sha256:2cd2c1e0f3a7465f22731987fff6fc427e3dcbb4ca5f7db5bbeaff2ff9a31f6d"},
    {file = "mypy-1.18.1-cp314-cp314-macosx_10_13_x86_64.whl", hash = "sha256:ba24603c58e34dd5b096dfad792d87b304fc6470cbb1c22fd64e7ebd17edcc61"},
    {file = "mypy-1.18.1-cp314-cp314-macosx_11_0_arm64.whl", hash = "sha256:ed36662fb92ae4cb3cacc682ec6656208f323bbc23d4b08d091eecfc0863d4b5"},
    {file = "mypy-1.18.1-cp314-cp314-manylinux2014_aarch64.manylinux_2_17_aarch64.manylinux_2_28_aarch64.whl", hash = "sha256:040ecc95e026f71a9ad7956fea2724466602b561e6a25c2e5584160d3833aaa8"},
    {file = "mypy-1.18.1-cp314-cp314-manylinux2014_x86_64.manylinux_2_17_x86_64.manylinux_2_28_x86_64.whl", hash = "sha256:937e3ed86cb731276706e46e03512547e43c391a13f363e08d0fee49a7c38a0d"},
    {file = "mypy-1.18.1-cp314-cp314-musllinux_1_2_x86_64.whl", hash = "sha256:1f95cc4f01c0f1701ca3b0355792bccec13ecb2ec1c469e5b85a6ef398398b1d"},
    {file = "mypy-1.18.1-cp314-cp314-win_amd64.whl", hash = "sha256:e4f16c0019d48941220ac60b893615be2f63afedaba6a0801bdcd041b96991ce"},
    {file = "mypy-1.18.1-cp39-cp39-macosx_10_9_x86_64.whl", hash = "sha256:e37763af63a8018308859bc83d9063c501a5820ec5bd4a19f0a2ac0d1c25c061"},
    {file = "mypy-1.18.1-cp39-cp39-macosx_11_0_arm64.whl", hash = "sha256:51531b6e94f34b8bd8b01dee52bbcee80daeac45e69ec5c36e25bce51cbc46e6"},
    {file = "mypy-1.18.1-cp39-cp39-manylinux2014_aarch64.manylinux_2_17_aarch64.manylinux_2_28_aarch64.whl", hash = "sha256:dbfdea20e90e9c5476cea80cfd264d8e197c6ef2c58483931db2eefb2f7adc14"},
    {file = "mypy-1.18.1-cp39-cp39-manylinux2014_x86_64.manylinux_2_17_x86_64.manylinux_2_28_x86_64.whl", hash = "sha256:99f272c9b59f5826fffa439575716276d19cbf9654abc84a2ba2d77090a0ba14"},
    {file = "mypy-1.18.1-cp39-cp39-musllinux_1_2_x86_64.whl", hash = "sha256:8c05a7f8c00300a52f3a4fcc95a185e99bf944d7e851ff141bae8dcf6dcfeac4"},
    {file = "mypy-1.18.1-cp39-cp39-win_amd64.whl", hash = "sha256:2fbcecbe5cf213ba294aa8c0b8c104400bf7bb64db82fb34fe32a205da4b3531"},
    {file = "mypy-1.18.1-py3-none-any.whl", hash = "sha256:b76a4de66a0ac01da1be14ecc8ae88ddea33b8380284a9e3eae39d57ebcbe26e"},
    {file = "mypy-1.18.1.tar.gz", hash = "sha256:9e988c64ad3ac5987f43f5154f884747faf62141b7f842e87465b45299eea5a9"},
]

[[package]]
name = "mypy-extensions"
version = "1.1.0"
summary = ""
files = [
    {file = "mypy_extensions-1.1.0-py3-none-any.whl", hash = "sha256:1be4cccdb0f2482337c4743e60421de3a356cd97508abadd57d47403e94f5505"},
    {file = "mypy_extensions-1.1.0.tar.gz", hash = "sha256:52e68efc3284861e772bbcd66823fde5ae21fd2fdb51c62a211403730b916558"},
]

[[package]]
name = "packaging"
version = "25.0"
summary = ""
files = [
    {file = "packaging-25.0-py3-none-any.whl", hash = "sha256:29572ef2b1f17581046b3a2227d5c611fb25ec70ca1ba8554b24b0e69331a484"},
    {file = "packaging-25.0.tar.gz", hash = "sha256:d443872c98d677bf60f6a1f2f8c1cb748e8fe762d2bf9d3148b5599295b0fc4f"},
]

[[package]]
name = "pathspec"
version = "0.12.1"
summary = ""
files = [
    {file = "pathspec-0.12.1-py3-none-any.whl", hash = "sha256:a0d503e138a4c123b27490a4f7beda6a01c6f288df0e4a8b79c7eb0dc7b4cc08"},
    {file = "pathspec-0.12.1.tar.gz", hash = "sha256:a482d51503a1ab33b1c67a6c3813a26953dbdc71c31dacaef9a838c4e29f5712"},
]

[[package]]
name = "pluggy"
version = "1.6.0"
summary = ""
files = [
    {file = "pluggy-1.6.0-py3-none-any.whl", hash = "sha256:e920276dd6813095e9377c0bc5566d94c932c33b27a3e3945d8389c374dd4746"},
    {file = "pluggy-1.6.0.tar.gz", hash = "sha256:7dcc130b76258d33b90f61b658791dede3486c3e6bfb003ee5c9bfb396dd22f3"},
]

[[package]]
name = "pygments"
version = "2.19.2"
summary = ""
files = [
    {file = "pygments-2.19.2-py3-none-any.whl", hash = "sha256:86540386c03d588bb81d44bc3928634ff26449851e99741617ecb9037ee5ec0b"},
    {file = "pygments-2.19.2.tar.gz", hash = "sha256:636cb2477cec7f8952536970bc533bc43743542f70392ae026374600add5b887"},
]

[[package]]
name = "pymysql"
version = "1.1.2"
requires_python = ">=3.8"
summary = ""
files = [
    {file = "pymysql-1.1.2-py3-none-any.whl", hash = "sha256:e6b1d89711dd51f8f74b1631fe08f039e7d76cf67a42a323d3178f0f25762ed9"},
    {file = "pymysql-1.1.2.tar.gz", hash = "sha256:4961d3e165614ae65014e361811a724e2044ad3ea3739de9903ae7c21f539f03"},
]

[[package]]
name = "pytest"
version = "8.4.2"
summary = ""
dependencies = [
    "colorama; python_full_version >= \"3.9\" and sys_platform == \"win32\"",
    "exceptiongroup; python_full_version >= \"3.9\" and python_full_version < \"3.11\"",
    "iniconfig; python_full_version >= \"3.9\"",
    "packaging; python_full_version >= \"3.9\"",
    "pluggy; python_full_version >= \"3.9\"",
    "pygments; python_full_version >= \"3.9\"",
    "tomli; python_full_version >= \"3.9\" and python_full_version < \"3.11\"",
]
files = [
    {file = "pytest-8.4.2-py3-none-any.whl", hash = "sha256:872f880de3fc3a5bdc88a11b39c9710c3497a547cfa9320bc3c5e62fbf272e79"},
    {file = "pytest-8.4.2.tar.gz", hash = "sha256:86c0d0b93306b961d58d62a4db4879f27fe25513d4b969df351abdddb3c30e01"},
]

[[package]]
name = "redis"
version = "6.4.0"
summary = ""
dependencies = [
    "async-timeout; python_full_version >= \"3.9\" and python_full_version < \"3.11.3\"",
]
files = [
    {file = "redis-6.4.0-py3-none-any.whl", hash = "sha256:f0544fa9604264e9464cdf4814e7d4830f74b165d52f2a330a760a88dd248b7f"},
    {file = "redis-6.4.0.tar.gz", hash = "sha256:b01bc7282b8444e28ec36b261df5375183bb47a07eb9c603f284e89cbc5ef010"},
]

[[package]]
name = "rich"
version = "14.1.0"
summary = ""
dependencies = [
    "markdown-it-py==3.0.0; python_full_version == \"3.9.*\"",
    "markdown-it-py==4.0.0; python_full_version >= \"3.10\"",
    "pygments; python_full_version >= \"3.9\"",
]
files = [
    {file = "rich-14.1.0-py3-none-any.whl", hash = "sha256:536f5f1785986d6dbdea3c75205c473f970777b4a0d6c6dd1b696aa05a3fa04f"},
    {file = "rich-14.1.0.tar.gz", hash = "sha256:e497a48b844b0320d45007cdebfeaeed8db2a4f4bcf49f15e455cfc4af11eaa8"},
]

[[package]]
name = "shellingham"
version = "1.5.4"
summary = ""
files = [
    {file = "shellingham-1.5.4-py2.py3-none-any.whl", hash = "sha256:7ecfff8f2fd72616f7481040475a65b2bf8af90a56c89140852d1120324e8686"},
    {file = "shellingham-1.5.4.tar.gz", hash = "sha256:8dbca0739d487e5bd35ab3ca4b36e11c4078f3a234bfce294b0a0291363404de"},
]

[[package]]
name = "sniffio"
version = "1.3.1"
summary = ""
files = [
    {file = "sniffio-1.3.1-py3-none-any.whl", hash = "sha256:2f6da418d1f1e0fddd844478f41680e794e6051915791a034ff65e5f100525a2"},
    {file = "sniffio-1.3.1.tar.gz", hash = "sha256:f4324edc670a0f49750a81b895f35c3adb843cca46f0530f79fc1babb23789dc"},
]

[[package]]
name = "tomli"
version = "2.2.1"
summary = ""
files = [
    {file = "tomli-2.2.1-cp311-cp311-macosx_10_9_x86_64.whl", hash = "sha256:678e4fa69e4575eb77d103de3df8a895e1591b48e740211bd1067378c69e8249"},
    {file = "tomli-2.2.1-cp311-cp311-macosx_11_0_arm64.whl", hash = "sha256:023aa114dd824ade0100497eb2318602af309e5a55595f76b626d6d9f3b7b0a6"},
    {file = "tomli-2.2.1-cp311-cp311-manylinux_2_17_aarch64.manylinux2014_aarch64.whl", hash = "sha256:ece47d672db52ac607a3d9599a9d48dcb2f2f735c6c2d1f34130085bb12b112a"},
    {file = "tomli-2.2.1-cp311-cp311-manylinux_2_17_x86_64.manylinux2014_x86_64.whl", hash = "sha256:6972ca9c9cc9f0acaa56a8ca1ff51e7af152a9f87fb64623e31d5c83700080ee"},
    {file = "tomli-2.2.1-cp311-cp311-manylinux_2_5_i686.manylinux1_i686.manylinux_2_17_i686.manylinux2014_i686.whl", hash = "sha256:c954d2250168d28797dd4e3ac5cf812a406cd5a92674ee4c8f123c889786aa8e"},
    {file = "tomli-2.2.1-cp311-cp311-musllinux_1_2_aarch64.whl", hash = "sha256:8dd28b3e155b80f4d54beb40a441d366adcfe740969820caf156c019fb5c7ec4"},
    {file = "tomli-2.2.1-cp311-cp311-musllinux_1_2_i686.whl", hash = "sha256:e59e304978767a54663af13c07b3d1af22ddee3bb2fb0618ca1593e4f593a106"},
    {file = "tomli-2.2.1-cp311-cp311-musllinux_1_2_x86_64.whl", hash = "sha256:33580bccab0338d00994d7f16f4c4ec25b776af3ffaac1ed74e0b3fc95e885a8"},
    {file = "tomli-2.2.1-cp311-cp311-win32.whl", hash = "sha256:465af0e0875402f1d226519c9904f37254b3045fc5084697cefb9bdde1ff99ff"},
    {file = "tomli-2.2.1-cp311-cp311-win_amd64.whl", hash = "sha256:2d0f2fdd22b02c6d81637a3c95f8cd77f995846af7414c5c4b8d0545afa1bc4b"},
    {file = "tomli-2.2.1-cp312-cp312-macosx_10_13_x86_64.whl", hash = "sha256:4a8f6e44de52d5e6c657c9fe83b562f5f4256d8ebbfe4ff922c495620a7f6cea"},
    {file = "tomli-2.2.1-cp312-cp312-macosx_11_0_arm64.whl", hash = "sha256:8d57ca8095a641b8237d5b079147646153d22552f1c637fd3ba7f4b0b29167a8"},
    {file = "tomli-2.2.1-cp312-cp312-manylinux_2_17_aarch64.manylinux2014_aarch64.whl", hash = "sha256:4e340144ad7ae1533cb897d406382b4b6fede8890a03738ff1683af800d54192"},
    {file = "tomli-2.2.1-cp312-cp312-manylinux_2_17_x86_64.manylinux2014_x86_64.whl", hash = "sha256:db2b95f9de79181805df90bedc5a5ab4c165e6ec3fe99f970d0e302f384ad222"},
    {file = "tomli-2.2.1-cp312-cp312-manylinux_2_5_i686.manylinux1_i686.manylinux_2_17_i686.manylinux2014_i686.whl", hash = "sha256:40741994320b232529c802f8bc86da4e1aa9f413db394617b9a256ae0f9a7f77"},
    {file = "tomli-2.2.1-cp312-cp312-musllinux_1_2_aarch64.whl", hash = "sha256:400e720fe168c0f8521520190686ef8ef033fb19fc493da09779e592861b78c6"},
    {file = "tomli-2.2.1-cp312-cp312-musllinux_1_2_i686.whl", hash = "sha256:02abe224de6ae62c19f090f68da4e27b10af2b93213d36cf44e6e1c5abd19fdd"},
    {file = "tomli-2.2.1-cp312-cp312-musllinux_1_2_x86_64.whl", hash = "sha256:b82ebccc8c8a36f2094e969560a1b836758481f3dc360ce9a3277c65f374285e"},
    {file = "tomli-2.2.1-cp312-cp312-win32.whl", hash = "sha256:889f80ef92701b9dbb224e49ec87c645ce5df3fa2cc548664eb8a25e03127a98"},
    {file = "tomli-2.2.1-cp312-cp312-win_amd64.whl", hash = "sha256:7fc04e92e1d624a4a63c76474610238576942d6b8950a2d7f908a340494e67e4"},
    {file = "tomli-2.2.1-cp313-cp313-macosx_10_13_x86_64.whl", hash = "sha256:f4039b9cbc3048b2416cc57ab3bda989a6fcf9b36cf8937f01a6e731b64f80d7"},
    {file = "tomli-2.2.1-cp313-cp313-macosx_11_0_arm64.whl", hash = "sha256:286f0ca2ffeeb5b9bd4fcc8d6c330534323ec51b2f52da063b11c502da16f30c"},
    {file = "tomli-2.2.1-cp313-cp313-manylinux_2_17_aarch64.manylinux2014_aarch64.whl", hash = "sha256:a92ef1a44547e894e2a17d24e7557a5e85a9e1d0048b0b5e7541f76c5032cb13"},
    {file = "tomli-2.2.1-cp313-cp313-manylinux_2_17_x86_64.manylinux2014_x86_64.whl", hash = "sha256:9316dc65bed1684c9a98ee68759ceaed29d229e985297003e494aa825ebb0281"},
    {file = "tomli-2.2.1-cp313-cp313-manylinux_2_5_i686.manylinux1_i686.manylinux_2_17_i686.manylinux2014_i686.whl", hash = "sha256:e85e99945e688e32d5a35c1ff38ed0b3f41f43fad8df0bdf79f72b2ba7bc5272"},
    {file = "tomli-2.2.1-cp313-cp313-musllinux_1_2_aarch64.whl", hash = "sha256:ac065718db92ca818f8d6141b5f66369833d4a80a9d74435a268c52bdfa73140"},
    {file = "tomli-2.2.1-cp313-cp313-musllinux_1_2_i686.whl", hash = "sha256:d920f33822747519673ee656a4b6ac33e382eca9d331c87770faa3eef562aeb2"},
    {file = "tomli-2.2.1-cp313-cp313-musllinux_1_2_x86_64.whl", hash = "sha256:a198f10c4d1b1375d7687bc25294306e551bf1abfa4eace6650070a5c1ae2744"},
    {file = "tomli-2.2.1-cp313-cp313-win32.whl", hash = "sha256:d3f5614314d758649ab2ab3a62d4f2004c825922f9e370b29416484086b264ec"},
    {file = "tomli-2.2.1-cp313-cp313-win_amd64.whl", hash = "sha256:a38aa0308e754b0e3c67e344754dff64999ff9b513e691d0e786265c93583c69"},
    {file = "tomli-2.2.1-py3-none-any.whl", hash = "sha256:cb55c73c5f4408779d0cf3eef9f762b9c9f147a77de7b258bef0a5628adc85cc"},
    {file = "tomli-2.2.1.tar.gz", hash = "sha256:cd45e1dc79c835ce60f7404ec8119f2eb06d38b1deba146f07ced3bbc44505ff"},
]

[[package]]
name = "tqdm"
version = "4.67.1"
requires_python = ">=3.7"
summary = ""
dependencies = [
    "colorama; python_full_version >= \"3.9\" and sys_platform == \"win32\"",
]
files = [
    {file = "tqdm-4.67.1-py3-none-any.whl", hash = "sha256:26445eca388f82e72884e0d580d5464cd801a3ea01e63e5601bdff9ba6a48de2"},
    {file = "tqdm-4.67.1.tar.gz", hash = "sha256:f8aef9c52c08c13a65f30ea34f4e5aac3fd1a34959879d7e59e63027286627f2"},
]

[[package]]
name = "typer"
version = "0.20.0"
requires_python = ">=3.8"
summary = "Typer, build great CLIs. Easy to code. Based on Python type hints."
dependencies = [
    "click>=8.0.0",
    "rich>=10.11.0",
    "shellingham>=1.3.0",
    "typing-extensions>=3.7.4.3",
]
files = [
    {file = "typer-0.20.0-py3-none-any.whl", hash = "sha256:5b463df6793ec1dca6213a3cf4c0f03bc6e322ac5e16e13ddd622a889489784a"},
    {file = "typer-0.20.0.tar.gz", hash = "sha256:1aaf6494031793e4876fb0bacfa6a912b551cf43c1e63c800df8b1a866720c37"},
]

[[package]]
name = "typer-slim"
version = "0.17.4"
summary = ""
dependencies = [
    "click==8.1.8; python_full_version == \"3.9.*\"",
    "click==8.2.1; python_full_version >= \"3.10\"",
    "typing-extensions; python_full_version >= \"3.9\"",
]
files = [
    {file = "typer_slim-0.17.4-py3-none-any.whl", hash = "sha256:b0edb16f7978d945b5bc23c057c2af99e58c0601827bddbbe240b4b52eb364bc"},
    {file = "typer_slim-0.17.4.tar.gz", hash = "sha256:c25430a74e45546df3e76b53bdfd0a1d86569d319f9c387e76e1b25a4dd72a0c"},
]

[[package]]
name = "types-pymysql"
version = "1.1.0.20250916"
requires_python = ">=3.9"
summary = "Typing stubs for PyMySQL"
files = [
    {file = "types_pymysql-1.1.0.20250916-py3-none-any.whl", hash = "sha256:873eb9836bb5e3de4368cc7010ca72775f86e9692a5c7810f8c7f48da082e55b"},
    {file = "types_pymysql-1.1.0.20250916.tar.gz", hash = "sha256:98d75731795fcc06723a192786662bdfa760e1e00f22809c104fbb47bac5e29b"},
]

[[package]]
name = "types-requests"
version = "2.32.4.20250809"
summary = ""
dependencies = [
    "urllib3; python_full_version >= \"3.9\"",
]
files = [
    {file = "types_requests-2.32.4.20250809-py3-none-any.whl", hash = "sha256:f73d1832fb519ece02c85b1f09d5f0dd3108938e7d47e7f94bbfa18a6782b163"},
    {file = "types_requests-2.32.4.20250809.tar.gz", hash = "sha256:d8060de1c8ee599311f56ff58010fb4902f462a1470802cf9f6ed27bc46c4df3"},
]

[[package]]
name = "types-tqdm"
version = "4.67.0.20250809"
requires_python = ">=3.9"
summary = ""
dependencies = [
    "types-requests; python_full_version >= \"3.9\"",
]
files = [
    {file = "types_tqdm-4.67.0.20250809-py3-none-any.whl", hash = "sha256:1a73053b31fcabf3c1f3e2a9d5ecdba0f301bde47a418cd0e0bdf774827c5c57"},
    {file = "types_tqdm-4.67.0.20250809.tar.gz", hash = "sha256:02bf7ab91256080b9c4c63f9f11b519c27baaf52718e5fdab9e9606da168d500"},
]

[[package]]
name = "typing-extensions"
version = "4.15.0"
summary = ""
files = [
    {file = "typing_extensions-4.15.0-py3-none-any.whl", hash = "sha256:f0fa19c6845758ab08074a0cfa8b7aecb71c999ca73d62883bc25cc018c4e548"},
    {file = "typing_extensions-4.15.0.tar.gz", hash = "sha256:0cea48d173cc12fa28ecabc3b837ea3cf6f38c6d1136f85cbaaf598984861466"},
]

[[package]]
name = "urllib3"
version = "2.5.0"
summary = ""
files = [
    {file = "urllib3-2.5.0-py3-none-any.whl", hash = "sha256:e6b01673c0fa6a13e374b50871808eb3bf7046c4b125b216f6bf1cc604cff0dc"},
    {file = "urllib3-2.5.0.tar.gz", hash = "sha256:3fc47733c7e419d4bc3f6b3dc2b4f890bb743906a30d56ba4a5bfa4bbff92760"},
]
